// !$*UTF8*$!
{
	archiveVersion = 1;
	classes = {
	};
	objectVersion = 46;
	objects = {

/* Begin PBXBuildFile section */
		0D56D899FCC74DAF83E2042D /* libPods-LolTubeTests.a in Frameworks */ = {isa = PBXBuildFile; fileRef = 492EE9566EC348369DBEEC9F /* libPods-LolTubeTests.a */; };
		7A9D502564EF5651A21D735F /* RSTodayVideoTableViewModel.m in Sources */ = {isa = PBXBuildFile; fileRef = 7A9D5A57F12E827DA02DC5C6 /* RSTodayVideoTableViewModel.m */; };
		7A9D517888BCFE3270DE9EB1 /* UIImageView+Loading.m in Sources */ = {isa = PBXBuildFile; fileRef = 7A9D51D455D1D7CB93CE543C /* UIImageView+Loading.m */; };
		7A9D526589D6379D67DF2E3A /* RSThumbnails.m in Sources */ = {isa = PBXBuildFile; fileRef = 7A9D579DEBD8CEEC71AB737A /* RSThumbnails.m */; };
		7A9D53046E0D3AE83354D84E /* RSVideoDetailViewModel.m in Sources */ = {isa = PBXBuildFile; fileRef = 7A9D5D0FC66A92A7E22AAF65 /* RSVideoDetailViewModel.m */; };
		7A9D533BD41BF929A8993258 /* NSDateTests.swift in Sources */ = {isa = PBXBuildFile; fileRef = 7A9D571016D3664FBDB5479B /* NSDateTests.swift */; };
		7A9D53AE2A3FDB6C7B8D9697 /* Video_unformatter_data.json in Resources */ = {isa = PBXBuildFile; fileRef = 7A9D55798B41038805DB2D14 /* Video_unformatter_data.json */; };
		7A9D53DFD3C33E8F18FBF450 /* UIImage+RSImageEffect.m in Sources */ = {isa = PBXBuildFile; fileRef = 7A9D58472CEC4CF30FB62297 /* UIImage+RSImageEffect.m */; };
		7A9D5493ABCB526054E6AE8F /* UIViewController+RSLoading.m in Sources */ = {isa = PBXBuildFile; fileRef = 7A9D5545E4F7CAFF362E9CEB /* UIViewController+RSLoading.m */; };
		7A9D55F6E873A617BE46DE8C /* RSVideoModel.m in Sources */ = {isa = PBXBuildFile; fileRef = 7A9D5A0D3ED28B62DA5B95AC /* RSVideoModel.m */; };
		7A9D5634A5DEAE65CC9D46FF /* RSStringUtil.m in Sources */ = {isa = PBXBuildFile; fileRef = 7A9D5B7BE899A291E20B351C /* RSStringUtil.m */; };
		7A9D56D2DEB3EF67951843BC /* RSChannelSearchViewController.m in Sources */ = {isa = PBXBuildFile; fileRef = 7A9D51A9E3F136111C017131 /* RSChannelSearchViewController.m */; };
		7A9D5798B8B427BE4FE71303 /* RSVideoListCollectionViewModel.m in Sources */ = {isa = PBXBuildFile; fileRef = 7A9D5E8BA4B47C87DD729968 /* RSVideoListCollectionViewModel.m */; };
		7A9D57EAA5AEB366EA6A23F7 /* RSChannelListViewController.m in Sources */ = {isa = PBXBuildFile; fileRef = 7A9D54A6133286B885319648 /* RSChannelListViewController.m */; };
		7A9D57F1BEA45BC6BC31AD65 /* RSVideoDetailViewController.m in Sources */ = {isa = PBXBuildFile; fileRef = 7A9D573075EAA12896D59A57 /* RSVideoDetailViewController.m */; };
		7A9D5854FD09B52840A1B3D9 /* RSSearchModel.m in Sources */ = {isa = PBXBuildFile; fileRef = 7A9D515B04B281818CFFBBCE /* RSSearchModel.m */; };
		7A9D586B28644EC8ACC550FF /* RSNavigationController.m in Sources */ = {isa = PBXBuildFile; fileRef = 7A9D5BBC9AEF1806266D6DC1 /* RSNavigationController.m */; };
		7A9D588F5B7F3309F41F5AA4 /* RayWenderlichChannel.json in Resources */ = {isa = PBXBuildFile; fileRef = 7A9D5AF46BFEA231319F7D33 /* RayWenderlichChannel.json */; };
		7A9D59A8FA8D919C39DCC359 /* StringUtilTest.swift in Sources */ = {isa = PBXBuildFile; fileRef = 7A9D526397DA6DDCCAC2F3B6 /* StringUtilTest.swift */; };
		7A9D5A766490C3ECF29776DE /* UIViewController+RSError.m in Sources */ = {isa = PBXBuildFile; fileRef = 7A9D5393063A2FA9933C12FF /* UIViewController+RSError.m */; };
		7A9D5AB8B2CE3F6EC087BFFA /* RSChannelTableViewCell.m in Sources */ = {isa = PBXBuildFile; fileRef = 7A9D543F7440097C8C2149E1 /* RSChannelTableViewCell.m */; };
		7A9D5C20AC3EAD887249EB04 /* NSDate+RSFormatter.m in Sources */ = {isa = PBXBuildFile; fileRef = 7A9D57868192765BB8591D47 /* NSDate+RSFormatter.m */; };
		7A9D5C639F1A613376BC21EC /* RSChannelService.m in Sources */ = {isa = PBXBuildFile; fileRef = 7A9D518DC4BF259949301CF7 /* RSChannelService.m */; };
		7A9D5CA59D5C226F88C846BA /* CLG_vs_DIG_Video_Deital.json in Resources */ = {isa = PBXBuildFile; fileRef = 7A9D52C373F26DFF52D2BE86 /* CLG_vs_DIG_Video_Deital.json */; };
		7A9D5CD47D8FEE20AF37FF99 /* RSChannelTableViewModel.m in Sources */ = {isa = PBXBuildFile; fileRef = 7A9D5C49F23F451033B06810 /* RSChannelTableViewModel.m */; };
		7A9D5CD811F4E4552A0253F8 /* RSSearchTableViewCell.m in Sources */ = {isa = PBXBuildFile; fileRef = 7A9D5B9085CD590F16BC2FEF /* RSSearchTableViewCell.m */; };
		7A9D5D53C4D3636F1491713E /* RSYoutubeService.m in Sources */ = {isa = PBXBuildFile; fileRef = 7A9D5C089DAEDD8088444FF1 /* RSYoutubeService.m */; };
		7A9D5E2CCB1FE97836B05D75 /* RSVideoDetailAnimator.m in Sources */ = {isa = PBXBuildFile; fileRef = 7A9D5CF5A4EF6701A13A5688 /* RSVideoDetailAnimator.m */; };
		7A9D5E91022E54BA028FDBA9 /* Channel_unformatter_data.json in Resources */ = {isa = PBXBuildFile; fileRef = 7A9D5749A02980374685100A /* Channel_unformatter_data.json */; };
		7A9D5EB60C1024B77DC9A0DB /* RSChannelModel.m in Sources */ = {isa = PBXBuildFile; fileRef = 7A9D5DDC35472535F6055FF4 /* RSChannelModel.m */; };
		7A9D5F14B85FDCEF4668D937 /* RSVideoService.m in Sources */ = {isa = PBXBuildFile; fileRef = 7A9D5E1CAC258986C7A0B45D /* RSVideoService.m */; };
		7D3B56BEC73C460A8FD88FC8 /* libPods-VideoWidget.a in Frameworks */ = {isa = PBXBuildFile; fileRef = 258B97C7D8C343E59B7679D4 /* libPods-VideoWidget.a */; };
		D2912024C3464678820F0B0F /* libPods.a in Frameworks */ = {isa = PBXBuildFile; fileRef = 8AE8E8822B6E415281465DA6 /* libPods.a */; };
		DC0F691C1A03DFD70061EB95 /* Images.xcassets in Resources */ = {isa = PBXBuildFile; fileRef = DC1044C219B2FA6B007A86E6 /* Images.xcassets */; };
		DC0F691D1A051A540061EB95 /* RSYoutubeService.m in Sources */ = {isa = PBXBuildFile; fileRef = 7A9D5C089DAEDD8088444FF1 /* RSYoutubeService.m */; };
		DC0F691E1A051A600061EB95 /* RSChannelService.m in Sources */ = {isa = PBXBuildFile; fileRef = 7A9D518DC4BF259949301CF7 /* RSChannelService.m */; };
		DC0F691F1A051A6C0061EB95 /* NSDate+RSFormatter.m in Sources */ = {isa = PBXBuildFile; fileRef = 7A9D57868192765BB8591D47 /* NSDate+RSFormatter.m */; };
		DC0F69201A051A740061EB95 /* UIImageView+Loading.m in Sources */ = {isa = PBXBuildFile; fileRef = 7A9D51D455D1D7CB93CE543C /* UIImageView+Loading.m */; };
		DC0F69211A051A850061EB95 /* RSSearchModel.m in Sources */ = {isa = PBXBuildFile; fileRef = 7A9D515B04B281818CFFBBCE /* RSSearchModel.m */; };
		DC0F69221A051A910061EB95 /* RSThumbnails.m in Sources */ = {isa = PBXBuildFile; fileRef = 7A9D579DEBD8CEEC71AB737A /* RSThumbnails.m */; };
		DC0F69231A051C4F0061EB95 /* RSChannelModel.m in Sources */ = {isa = PBXBuildFile; fileRef = 7A9D5DDC35472535F6055FF4 /* RSChannelModel.m */; };
		DC0F69241A051C5D0061EB95 /* RSVideoModel.m in Sources */ = {isa = PBXBuildFile; fileRef = 7A9D5A0D3ED28B62DA5B95AC /* RSVideoModel.m */; };
		DC0F69251A051C6D0061EB95 /* RSStringUtil.m in Sources */ = {isa = PBXBuildFile; fileRef = 7A9D5B7BE899A291E20B351C /* RSStringUtil.m */; };
		DC0F69261A051DBB0061EB95 /* UIImage+RSImageEffect.m in Sources */ = {isa = PBXBuildFile; fileRef = 7A9D58472CEC4CF30FB62297 /* UIImage+RSImageEffect.m */; };
		DC0F69271A0528810061EB95 /* Localizable.strings in Resources */ = {isa = PBXBuildFile; fileRef = DCEBA51619BCB2AF007C3FC7 /* Localizable.strings */; };
		DC1044AB19B2FA6B007A86E6 /* Foundation.framework in Frameworks */ = {isa = PBXBuildFile; fileRef = DC1044AA19B2FA6B007A86E6 /* Foundation.framework */; };
		DC1044AD19B2FA6B007A86E6 /* CoreGraphics.framework in Frameworks */ = {isa = PBXBuildFile; fileRef = DC1044AC19B2FA6B007A86E6 /* CoreGraphics.framework */; };
		DC1044AF19B2FA6B007A86E6 /* UIKit.framework in Frameworks */ = {isa = PBXBuildFile; fileRef = DC1044AE19B2FA6B007A86E6 /* UIKit.framework */; };
		DC1044B519B2FA6B007A86E6 /* InfoPlist.strings in Resources */ = {isa = PBXBuildFile; fileRef = DC1044B319B2FA6B007A86E6 /* InfoPlist.strings */; };
		DC1044B719B2FA6B007A86E6 /* main.m in Sources */ = {isa = PBXBuildFile; fileRef = DC1044B619B2FA6B007A86E6 /* main.m */; };
		DC1044BB19B2FA6B007A86E6 /* RSAppDelegate.m in Sources */ = {isa = PBXBuildFile; fileRef = DC1044BA19B2FA6B007A86E6 /* RSAppDelegate.m */; };
		DC1044C319B2FA6B007A86E6 /* Images.xcassets in Resources */ = {isa = PBXBuildFile; fileRef = DC1044C219B2FA6B007A86E6 /* Images.xcassets */; };
		DC1044CA19B2FA6B007A86E6 /* XCTest.framework in Frameworks */ = {isa = PBXBuildFile; fileRef = DC1044C919B2FA6B007A86E6 /* XCTest.framework */; };
		DC1044CB19B2FA6B007A86E6 /* Foundation.framework in Frameworks */ = {isa = PBXBuildFile; fileRef = DC1044AA19B2FA6B007A86E6 /* Foundation.framework */; };
		DC1044CC19B2FA6B007A86E6 /* UIKit.framework in Frameworks */ = {isa = PBXBuildFile; fileRef = DC1044AE19B2FA6B007A86E6 /* UIKit.framework */; };
		DC1044D419B2FA6B007A86E6 /* InfoPlist.strings in Resources */ = {isa = PBXBuildFile; fileRef = DC1044D219B2FA6B007A86E6 /* InfoPlist.strings */; };
		DC22FF7E1A1245AB0053FBB9 /* CoreData.framework in Frameworks */ = {isa = PBXBuildFile; fileRef = DC22FF7D1A1245AB0053FBB9 /* CoreData.framework */; };
		DC22FF801A1245C60053FBB9 /* AdSupport.framework in Frameworks */ = {isa = PBXBuildFile; fileRef = DC22FF7F1A1245C60053FBB9 /* AdSupport.framework */; };
		DC22FF821A1245D70053FBB9 /* libz.dylib in Frameworks */ = {isa = PBXBuildFile; fileRef = DC22FF811A1245D70053FBB9 /* libz.dylib */; };
		DC47690B1A07EAA700DC3D2D /* Main.storyboard in Resources */ = {isa = PBXBuildFile; fileRef = DC47690D1A07EAA700DC3D2D /* Main.storyboard */; };
		DC5708F51A00DBF500DB8821 /* NotificationCenter.framework in Frameworks */ = {isa = PBXBuildFile; fileRef = DC5708F41A00DBF500DB8821 /* NotificationCenter.framework */; };
		DC5708FB1A00DBF500DB8821 /* TodayViewController.m in Sources */ = {isa = PBXBuildFile; fileRef = DC5708FA1A00DBF500DB8821 /* TodayViewController.m */; };
		DC5708FD1A00DBF500DB8821 /* MainInterface.storyboard in Resources */ = {isa = PBXBuildFile; fileRef = DC5708FC1A00DBF500DB8821 /* MainInterface.storyboard */; };
		DC5709001A00DBF500DB8821 /* VideoWidget.appex in Embed App Extensions */ = {isa = PBXBuildFile; fileRef = DC5708F31A00DBF500DB8821 /* VideoWidget.appex */; settings = {ATTRIBUTES = (RemoveHeadersOnCopy, ); }; };
		DC64F4C719E5524900F860B4 /* Reachability.m in Sources */ = {isa = PBXBuildFile; fileRef = DC64F4C519E5524900F860B4 /* Reachability.m */; };
		DC64F4C919E5582F00F860B4 /* SystemConfiguration.framework in Frameworks */ = {isa = PBXBuildFile; fileRef = DC64F4C819E5582F00F860B4 /* SystemConfiguration.framework */; };
		DCA44BDE1A0CE8E100A4A758 /* Crashlytics.framework in Frameworks */ = {isa = PBXBuildFile; fileRef = DCA44BDC1A0CE8E100A4A758 /* Crashlytics.framework */; };
		DCA44BDF1A0CE8E100A4A758 /* Fabric.framework in Frameworks */ = {isa = PBXBuildFile; fileRef = DCA44BDD1A0CE8E100A4A758 /* Fabric.framework */; };
		DCCE230119F252D20027C390 /* LaunchImage.xib in Resources */ = {isa = PBXBuildFile; fileRef = DCCE230019F252D20027C390 /* LaunchImage.xib */; };
		DCEBA51419BCB2AF007C3FC7 /* Localizable.strings in Resources */ = {isa = PBXBuildFile; fileRef = DCEBA51619BCB2AF007C3FC7 /* Localizable.strings */; };
		DCEBA51A19BCB304007C3FC7 /* RSVideoListViewController.m in Sources */ = {isa = PBXBuildFile; fileRef = DCEBA51819BCB304007C3FC7 /* RSVideoListViewController.m */; };
		DCEBA51D19BCB350007C3FC7 /* RSVideoCollectionViewCell.m in Sources */ = {isa = PBXBuildFile; fileRef = DCEBA51B19BCB350007C3FC7 /* RSVideoCollectionViewCell.m */; };
		DCF9878B19BF0EEC00E9BCBE /* AMTumblrHud.m in Sources */ = {isa = PBXBuildFile; fileRef = DCF9878A19BF0EEC00E9BCBE /* AMTumblrHud.m */; };
/* End PBXBuildFile section */

/* Begin PBXContainerItemProxy section */
		DC1044CD19B2FA6B007A86E6 /* PBXContainerItemProxy */ = {
			isa = PBXContainerItemProxy;
			containerPortal = DC10449F19B2FA6B007A86E6 /* Project object */;
			proxyType = 1;
			remoteGlobalIDString = DC1044A619B2FA6B007A86E6;
			remoteInfo = LolTube;
		};
		DC5708FE1A00DBF500DB8821 /* PBXContainerItemProxy */ = {
			isa = PBXContainerItemProxy;
			containerPortal = DC10449F19B2FA6B007A86E6 /* Project object */;
			proxyType = 1;
			remoteGlobalIDString = DC5708F21A00DBF500DB8821;
			remoteInfo = VideoWidget;
		};
		DC5709011A00DBF500DB8821 /* PBXContainerItemProxy */ = {
			isa = PBXContainerItemProxy;
			containerPortal = DC10449F19B2FA6B007A86E6 /* Project object */;
			proxyType = 1;
			remoteGlobalIDString = DC5708F21A00DBF500DB8821;
			remoteInfo = VideoWidget;
		};
/* End PBXContainerItemProxy section */

/* Begin PBXCopyFilesBuildPhase section */
		DC5709061A00DBF500DB8821 /* Embed App Extensions */ = {
			isa = PBXCopyFilesBuildPhase;
			buildActionMask = 2147483647;
			dstPath = "";
			dstSubfolderSpec = 13;
			files = (
				DC5709001A00DBF500DB8821 /* VideoWidget.appex in Embed App Extensions */,
			);
			name = "Embed App Extensions";
			runOnlyForDeploymentPostprocessing = 0;
		};
/* End PBXCopyFilesBuildPhase section */

/* Begin PBXFileReference section */
		258B97C7D8C343E59B7679D4 /* libPods-VideoWidget.a */ = {isa = PBXFileReference; explicitFileType = archive.ar; includeInIndex = 0; path = "libPods-VideoWidget.a"; sourceTree = BUILT_PRODUCTS_DIR; };
		371FAF4E87134393B85D8C11 /* Pods.xcconfig */ = {isa = PBXFileReference; includeInIndex = 1; lastKnownFileType = text.xcconfig; name = Pods.xcconfig; path = Pods/Pods.xcconfig; sourceTree = "<group>"; };
		492EE9566EC348369DBEEC9F /* libPods-LolTubeTests.a */ = {isa = PBXFileReference; explicitFileType = archive.ar; includeInIndex = 0; path = "libPods-LolTubeTests.a"; sourceTree = BUILT_PRODUCTS_DIR; };
		78D44C9CFB5B45D686716807 /* Pods-LolTubeTests.xcconfig */ = {isa = PBXFileReference; includeInIndex = 1; lastKnownFileType = text.xcconfig; name = "Pods-LolTubeTests.xcconfig"; path = "Pods/Pods-LolTubeTests.xcconfig"; sourceTree = "<group>"; };
		7A9D50102F7D7771E38FD4D4 /* UIImageView+Loading.h */ = {isa = PBXFileReference; fileEncoding = 4; lastKnownFileType = sourcecode.c.h; path = "UIImageView+Loading.h"; sourceTree = "<group>"; };
		7A9D50AC20BC5C721036FA5A /* RSChannelTableViewModel.h */ = {isa = PBXFileReference; fileEncoding = 4; lastKnownFileType = sourcecode.c.h; path = RSChannelTableViewModel.h; sourceTree = "<group>"; };
		7A9D50D61627344D955161E7 /* UIImage+RSImageEffect.h */ = {isa = PBXFileReference; fileEncoding = 4; lastKnownFileType = sourcecode.c.h; path = "UIImage+RSImageEffect.h"; sourceTree = "<group>"; };
		7A9D50D8286AA3CF46BB5309 /* RSNavigationController.h */ = {isa = PBXFileReference; fileEncoding = 4; lastKnownFileType = sourcecode.c.h; path = RSNavigationController.h; sourceTree = "<group>"; };
		7A9D51490E5161855397D994 /* UIViewController+RSLoading.h */ = {isa = PBXFileReference; fileEncoding = 4; lastKnownFileType = sourcecode.c.h; path = "UIViewController+RSLoading.h"; sourceTree = "<group>"; };
		7A9D515B04B281818CFFBBCE /* RSSearchModel.m */ = {isa = PBXFileReference; fileEncoding = 4; lastKnownFileType = sourcecode.c.objc; path = RSSearchModel.m; sourceTree = "<group>"; };
		7A9D518DC4BF259949301CF7 /* RSChannelService.m */ = {isa = PBXFileReference; fileEncoding = 4; lastKnownFileType = sourcecode.c.objc; path = RSChannelService.m; sourceTree = "<group>"; };
		7A9D51A9E3F136111C017131 /* RSChannelSearchViewController.m */ = {isa = PBXFileReference; fileEncoding = 4; lastKnownFileType = sourcecode.c.objc; path = RSChannelSearchViewController.m; sourceTree = "<group>"; };
		7A9D51D455D1D7CB93CE543C /* UIImageView+Loading.m */ = {isa = PBXFileReference; fileEncoding = 4; lastKnownFileType = sourcecode.c.objc; path = "UIImageView+Loading.m"; sourceTree = "<group>"; };
		7A9D51D53257ADAE528224DD /* RSVideoDetailViewModel.h */ = {isa = PBXFileReference; fileEncoding = 4; lastKnownFileType = sourcecode.c.h; path = RSVideoDetailViewModel.h; sourceTree = "<group>"; };
		7A9D526397DA6DDCCAC2F3B6 /* StringUtilTest.swift */ = {isa = PBXFileReference; fileEncoding = 4; lastKnownFileType = sourcecode.swift; path = StringUtilTest.swift; sourceTree = "<group>"; };
		7A9D52C373F26DFF52D2BE86 /* CLG_vs_DIG_Video_Deital.json */ = {isa = PBXFileReference; lastKnownFileType = file.json; path = CLG_vs_DIG_Video_Deital.json; sourceTree = "<group>"; };
		7A9D5335364E80C0D66DFADA /* UIViewController+RSError.h */ = {isa = PBXFileReference; fileEncoding = 4; lastKnownFileType = sourcecode.c.h; path = "UIViewController+RSError.h"; sourceTree = "<group>"; };
		7A9D5393063A2FA9933C12FF /* UIViewController+RSError.m */ = {isa = PBXFileReference; fileEncoding = 4; lastKnownFileType = sourcecode.c.objc; path = "UIViewController+RSError.m"; sourceTree = "<group>"; };
		7A9D53B85CDC6EFBEF69CB30 /* RSSearchModel.h */ = {isa = PBXFileReference; fileEncoding = 4; lastKnownFileType = sourcecode.c.h; path = RSSearchModel.h; sourceTree = "<group>"; };
		7A9D543F7440097C8C2149E1 /* RSChannelTableViewCell.m */ = {isa = PBXFileReference; fileEncoding = 4; lastKnownFileType = sourcecode.c.objc; path = RSChannelTableViewCell.m; sourceTree = "<group>"; };
		7A9D5491BD493C1488231325 /* RSChannelListViewController.h */ = {isa = PBXFileReference; fileEncoding = 4; lastKnownFileType = sourcecode.c.h; path = RSChannelListViewController.h; sourceTree = "<group>"; };
		7A9D54A6133286B885319648 /* RSChannelListViewController.m */ = {isa = PBXFileReference; fileEncoding = 4; lastKnownFileType = sourcecode.c.objc; path = RSChannelListViewController.m; sourceTree = "<group>"; };
		7A9D55339657E8AC637463F9 /* RSChannelTableViewCell.h */ = {isa = PBXFileReference; fileEncoding = 4; lastKnownFileType = sourcecode.c.h; path = RSChannelTableViewCell.h; sourceTree = "<group>"; };
		7A9D5545E4F7CAFF362E9CEB /* UIViewController+RSLoading.m */ = {isa = PBXFileReference; fileEncoding = 4; lastKnownFileType = sourcecode.c.objc; path = "UIViewController+RSLoading.m"; sourceTree = "<group>"; };
		7A9D55798B41038805DB2D14 /* Video_unformatter_data.json */ = {isa = PBXFileReference; lastKnownFileType = file.json; path = Video_unformatter_data.json; sourceTree = "<group>"; };
		7A9D55867E9F573269326BFA /* NSDate+RSFormatter.h */ = {isa = PBXFileReference; fileEncoding = 4; lastKnownFileType = sourcecode.c.h; path = "NSDate+RSFormatter.h"; sourceTree = "<group>"; };
		7A9D5685C6200426A7318226 /* RSChannelSearchViewController.h */ = {isa = PBXFileReference; fileEncoding = 4; lastKnownFileType = sourcecode.c.h; path = RSChannelSearchViewController.h; sourceTree = "<group>"; };
		7A9D56878B6EAD4145C3F188 /* RSVideoService.h */ = {isa = PBXFileReference; fileEncoding = 4; lastKnownFileType = sourcecode.c.h; path = RSVideoService.h; sourceTree = "<group>"; };
		7A9D571016D3664FBDB5479B /* NSDateTests.swift */ = {isa = PBXFileReference; fileEncoding = 4; lastKnownFileType = sourcecode.swift; path = NSDateTests.swift; sourceTree = "<group>"; };
		7A9D573075EAA12896D59A57 /* RSVideoDetailViewController.m */ = {isa = PBXFileReference; fileEncoding = 4; lastKnownFileType = sourcecode.c.objc; path = RSVideoDetailViewController.m; sourceTree = "<group>"; };
		7A9D5749A02980374685100A /* Channel_unformatter_data.json */ = {isa = PBXFileReference; lastKnownFileType = file.json; path = Channel_unformatter_data.json; sourceTree = "<group>"; };
		7A9D57868192765BB8591D47 /* NSDate+RSFormatter.m */ = {isa = PBXFileReference; fileEncoding = 4; lastKnownFileType = sourcecode.c.objc; path = "NSDate+RSFormatter.m"; sourceTree = "<group>"; };
		7A9D579DEBD8CEEC71AB737A /* RSThumbnails.m */ = {isa = PBXFileReference; fileEncoding = 4; lastKnownFileType = sourcecode.c.objc; path = RSThumbnails.m; sourceTree = "<group>"; };
		7A9D58472CEC4CF30FB62297 /* UIImage+RSImageEffect.m */ = {isa = PBXFileReference; fileEncoding = 4; lastKnownFileType = sourcecode.c.objc; path = "UIImage+RSImageEffect.m"; sourceTree = "<group>"; };
		7A9D58A91E727A44241D4B26 /* RSVideoListCollectionViewModel.h */ = {isa = PBXFileReference; fileEncoding = 4; lastKnownFileType = sourcecode.c.h; path = RSVideoListCollectionViewModel.h; sourceTree = "<group>"; };
		7A9D5904CA4C863FB30FC721 /* RSTodayVideoTableViewModel.h */ = {isa = PBXFileReference; fileEncoding = 4; lastKnownFileType = sourcecode.c.h; path = RSTodayVideoTableViewModel.h; sourceTree = "<group>"; };
		7A9D5945F2653C03C46B1A5B /* RSThumbnails.h */ = {isa = PBXFileReference; fileEncoding = 4; lastKnownFileType = sourcecode.c.h; path = RSThumbnails.h; sourceTree = "<group>"; };
		7A9D5A0D3ED28B62DA5B95AC /* RSVideoModel.m */ = {isa = PBXFileReference; fileEncoding = 4; lastKnownFileType = sourcecode.c.objc; path = RSVideoModel.m; sourceTree = "<group>"; };
		7A9D5A57F12E827DA02DC5C6 /* RSTodayVideoTableViewModel.m */ = {isa = PBXFileReference; fileEncoding = 4; lastKnownFileType = sourcecode.c.objc; path = RSTodayVideoTableViewModel.m; sourceTree = "<group>"; };
		7A9D5A860870F855225F2509 /* RSChannelModel.h */ = {isa = PBXFileReference; fileEncoding = 4; lastKnownFileType = sourcecode.c.h; path = RSChannelModel.h; sourceTree = "<group>"; };
		7A9D5AB115FA7BE1F3B692E8 /* RSChannelService.h */ = {isa = PBXFileReference; fileEncoding = 4; lastKnownFileType = sourcecode.c.h; path = RSChannelService.h; sourceTree = "<group>"; };
		7A9D5AF46BFEA231319F7D33 /* RayWenderlichChannel.json */ = {isa = PBXFileReference; lastKnownFileType = file.json; path = RayWenderlichChannel.json; sourceTree = "<group>"; };
		7A9D5B7BE899A291E20B351C /* RSStringUtil.m */ = {isa = PBXFileReference; fileEncoding = 4; lastKnownFileType = sourcecode.c.objc; path = RSStringUtil.m; sourceTree = "<group>"; };
		7A9D5B9085CD590F16BC2FEF /* RSSearchTableViewCell.m */ = {isa = PBXFileReference; fileEncoding = 4; lastKnownFileType = sourcecode.c.objc; path = RSSearchTableViewCell.m; sourceTree = "<group>"; };
		7A9D5BBC9AEF1806266D6DC1 /* RSNavigationController.m */ = {isa = PBXFileReference; fileEncoding = 4; lastKnownFileType = sourcecode.c.objc; path = RSNavigationController.m; sourceTree = "<group>"; };
		7A9D5BD5D92DC971E17EEAA1 /* RSVideoDetailAnimator.h */ = {isa = PBXFileReference; fileEncoding = 4; lastKnownFileType = sourcecode.c.h; path = RSVideoDetailAnimator.h; sourceTree = "<group>"; };
		7A9D5C04C421A5D2491B8658 /* RSYoutubeService.h */ = {isa = PBXFileReference; fileEncoding = 4; lastKnownFileType = sourcecode.c.h; path = RSYoutubeService.h; sourceTree = "<group>"; };
		7A9D5C089DAEDD8088444FF1 /* RSYoutubeService.m */ = {isa = PBXFileReference; fileEncoding = 4; lastKnownFileType = sourcecode.c.objc; path = RSYoutubeService.m; sourceTree = "<group>"; };
		7A9D5C2CC4F117793092B6BF /* RSVideoModel.h */ = {isa = PBXFileReference; fileEncoding = 4; lastKnownFileType = sourcecode.c.h; path = RSVideoModel.h; sourceTree = "<group>"; };
		7A9D5C49F23F451033B06810 /* RSChannelTableViewModel.m */ = {isa = PBXFileReference; fileEncoding = 4; lastKnownFileType = sourcecode.c.objc; path = RSChannelTableViewModel.m; sourceTree = "<group>"; };
		7A9D5CF5A4EF6701A13A5688 /* RSVideoDetailAnimator.m */ = {isa = PBXFileReference; fileEncoding = 4; lastKnownFileType = sourcecode.c.objc; path = RSVideoDetailAnimator.m; sourceTree = "<group>"; };
		7A9D5D0FC66A92A7E22AAF65 /* RSVideoDetailViewModel.m */ = {isa = PBXFileReference; fileEncoding = 4; lastKnownFileType = sourcecode.c.objc; path = RSVideoDetailViewModel.m; sourceTree = "<group>"; };
		7A9D5DDC35472535F6055FF4 /* RSChannelModel.m */ = {isa = PBXFileReference; fileEncoding = 4; lastKnownFileType = sourcecode.c.objc; path = RSChannelModel.m; sourceTree = "<group>"; };
		7A9D5E0933CDDBBBDBCD4594 /* RSStringUtil.h */ = {isa = PBXFileReference; fileEncoding = 4; lastKnownFileType = sourcecode.c.h; path = RSStringUtil.h; sourceTree = "<group>"; };
		7A9D5E1CAC258986C7A0B45D /* RSVideoService.m */ = {isa = PBXFileReference; fileEncoding = 4; lastKnownFileType = sourcecode.c.objc; path = RSVideoService.m; sourceTree = "<group>"; };
		7A9D5E8BA4B47C87DD729968 /* RSVideoListCollectionViewModel.m */ = {isa = PBXFileReference; fileEncoding = 4; lastKnownFileType = sourcecode.c.objc; path = RSVideoListCollectionViewModel.m; sourceTree = "<group>"; };
		7A9D5EA2E87290F585584765 /* RSSearchTableViewCell.h */ = {isa = PBXFileReference; fileEncoding = 4; lastKnownFileType = sourcecode.c.h; path = RSSearchTableViewCell.h; sourceTree = "<group>"; };
		7A9D5FCBA9DCDC569C7C2F1E /* RSVideoDetailViewController.h */ = {isa = PBXFileReference; fileEncoding = 4; lastKnownFileType = sourcecode.c.h; path = RSVideoDetailViewController.h; sourceTree = "<group>"; };
		8AE8E8822B6E415281465DA6 /* libPods.a */ = {isa = PBXFileReference; explicitFileType = archive.ar; includeInIndex = 0; path = libPods.a; sourceTree = BUILT_PRODUCTS_DIR; };
		97AB2DFA1BA34AEB926EF0EC /* Pods-VideoWidget.xcconfig */ = {isa = PBXFileReference; includeInIndex = 1; lastKnownFileType = text.xcconfig; name = "Pods-VideoWidget.xcconfig"; path = "Pods/Pods-VideoWidget.xcconfig"; sourceTree = "<group>"; };
		DC0F69281A075CD90061EB95 /* LolTube.entitlements */ = {isa = PBXFileReference; lastKnownFileType = text.xml; path = LolTube.entitlements; sourceTree = "<group>"; };
		DC0F69291A075CE80061EB95 /* VideoWidget.entitlements */ = {isa = PBXFileReference; lastKnownFileType = text.xml; path = VideoWidget.entitlements; sourceTree = "<group>"; };
		DC1044A719B2FA6B007A86E6 /* LolTube.app */ = {isa = PBXFileReference; explicitFileType = wrapper.application; includeInIndex = 0; path = LolTube.app; sourceTree = BUILT_PRODUCTS_DIR; };
		DC1044AA19B2FA6B007A86E6 /* Foundation.framework */ = {isa = PBXFileReference; lastKnownFileType = wrapper.framework; name = Foundation.framework; path = System/Library/Frameworks/Foundation.framework; sourceTree = SDKROOT; };
		DC1044AC19B2FA6B007A86E6 /* CoreGraphics.framework */ = {isa = PBXFileReference; lastKnownFileType = wrapper.framework; name = CoreGraphics.framework; path = System/Library/Frameworks/CoreGraphics.framework; sourceTree = SDKROOT; };
		DC1044AE19B2FA6B007A86E6 /* UIKit.framework */ = {isa = PBXFileReference; lastKnownFileType = wrapper.framework; name = UIKit.framework; path = System/Library/Frameworks/UIKit.framework; sourceTree = SDKROOT; };
		DC1044B219B2FA6B007A86E6 /* LolTube-Info.plist */ = {isa = PBXFileReference; lastKnownFileType = text.plist.xml; path = "LolTube-Info.plist"; sourceTree = "<group>"; };
		DC1044B419B2FA6B007A86E6 /* en */ = {isa = PBXFileReference; lastKnownFileType = text.plist.strings; name = en; path = en.lproj/InfoPlist.strings; sourceTree = "<group>"; };
		DC1044B619B2FA6B007A86E6 /* main.m */ = {isa = PBXFileReference; lastKnownFileType = sourcecode.c.objc; path = main.m; sourceTree = "<group>"; };
		DC1044B819B2FA6B007A86E6 /* LolTube-Prefix.pch */ = {isa = PBXFileReference; lastKnownFileType = sourcecode.c.h; path = "LolTube-Prefix.pch"; sourceTree = "<group>"; };
		DC1044B919B2FA6B007A86E6 /* RSAppDelegate.h */ = {isa = PBXFileReference; lastKnownFileType = sourcecode.c.h; path = RSAppDelegate.h; sourceTree = "<group>"; };
		DC1044BA19B2FA6B007A86E6 /* RSAppDelegate.m */ = {isa = PBXFileReference; lastKnownFileType = sourcecode.c.objc; path = RSAppDelegate.m; sourceTree = "<group>"; };
		DC1044C219B2FA6B007A86E6 /* Images.xcassets */ = {isa = PBXFileReference; lastKnownFileType = folder.assetcatalog; path = Images.xcassets; sourceTree = "<group>"; };
		DC1044C819B2FA6B007A86E6 /* LolTubeTests.xctest */ = {isa = PBXFileReference; explicitFileType = wrapper.cfbundle; includeInIndex = 0; path = LolTubeTests.xctest; sourceTree = BUILT_PRODUCTS_DIR; };
		DC1044C919B2FA6B007A86E6 /* XCTest.framework */ = {isa = PBXFileReference; lastKnownFileType = wrapper.framework; name = XCTest.framework; path = Library/Frameworks/XCTest.framework; sourceTree = DEVELOPER_DIR; };
		DC1044D119B2FA6B007A86E6 /* LolTubeTests-Info.plist */ = {isa = PBXFileReference; lastKnownFileType = text.plist.xml; path = "LolTubeTests-Info.plist"; sourceTree = "<group>"; };
		DC1044D319B2FA6B007A86E6 /* en */ = {isa = PBXFileReference; lastKnownFileType = text.plist.strings; name = en; path = en.lproj/InfoPlist.strings; sourceTree = "<group>"; };
		DC22FF7D1A1245AB0053FBB9 /* CoreData.framework */ = {isa = PBXFileReference; lastKnownFileType = wrapper.framework; name = CoreData.framework; path = System/Library/Frameworks/CoreData.framework; sourceTree = SDKROOT; };
		DC22FF7F1A1245C60053FBB9 /* AdSupport.framework */ = {isa = PBXFileReference; lastKnownFileType = wrapper.framework; name = AdSupport.framework; path = System/Library/Frameworks/AdSupport.framework; sourceTree = SDKROOT; };
		DC22FF811A1245D70053FBB9 /* libz.dylib */ = {isa = PBXFileReference; lastKnownFileType = "compiled.mach-o.dylib"; name = libz.dylib; path = usr/lib/libz.dylib; sourceTree = SDKROOT; };
		DC47690C1A07EAA700DC3D2D /* Base */ = {isa = PBXFileReference; lastKnownFileType = file.storyboard; name = Base; path = Base.lproj/Main.storyboard; sourceTree = "<group>"; };
		DC47690F1A07EAAA00DC3D2D /* en */ = {isa = PBXFileReference; lastKnownFileType = text.plist.strings; name = en; path = en.lproj/Main.strings; sourceTree = "<group>"; };
		DC4769111A07EAAF00DC3D2D /* ja */ = {isa = PBXFileReference; lastKnownFileType = text.plist.strings; name = ja; path = ja.lproj/Main.strings; sourceTree = "<group>"; };
		DC4769131A07EAB000DC3D2D /* zh-Hans-CN */ = {isa = PBXFileReference; lastKnownFileType = text.plist.strings; name = "zh-Hans-CN"; path = "zh-Hans-CN.lproj/Main.strings"; sourceTree = "<group>"; };
		DC4769151A07EAB200DC3D2D /* ko */ = {isa = PBXFileReference; lastKnownFileType = text.plist.strings; name = ko; path = ko.lproj/Main.strings; sourceTree = "<group>"; };
		DC4769171A07EAB300DC3D2D /* zh-Hant */ = {isa = PBXFileReference; lastKnownFileType = text.plist.strings; name = "zh-Hant"; path = "zh-Hant.lproj/Main.strings"; sourceTree = "<group>"; };
		DC4769191A07EAB500DC3D2D /* zh-Hans */ = {isa = PBXFileReference; lastKnownFileType = text.plist.strings; name = "zh-Hans"; path = "zh-Hans.lproj/Main.strings"; sourceTree = "<group>"; };
		DC51B44D1A0D36760034DDD1 /* LolTube-Bridging-Header.h */ = {isa = PBXFileReference; lastKnownFileType = sourcecode.c.h; name = "LolTube-Bridging-Header.h"; path = "Common/Util/LolTube-Bridging-Header.h"; sourceTree = "<group>"; };
		DC51B4501A0D36CB0034DDD1 /* LolTubeTests-Bridging-Header.h */ = {isa = PBXFileReference; lastKnownFileType = sourcecode.c.h; name = "LolTubeTests-Bridging-Header.h"; path = "Common/Category/LolTubeTests-Bridging-Header.h"; sourceTree = "<group>"; };
		DC5708F31A00DBF500DB8821 /* VideoWidget.appex */ = {isa = PBXFileReference; explicitFileType = "wrapper.app-extension"; includeInIndex = 0; path = VideoWidget.appex; sourceTree = BUILT_PRODUCTS_DIR; };
		DC5708F41A00DBF500DB8821 /* NotificationCenter.framework */ = {isa = PBXFileReference; lastKnownFileType = wrapper.framework; name = NotificationCenter.framework; path = System/Library/Frameworks/NotificationCenter.framework; sourceTree = SDKROOT; };
		DC5708F81A00DBF500DB8821 /* Info.plist */ = {isa = PBXFileReference; lastKnownFileType = text.plist.xml; path = Info.plist; sourceTree = "<group>"; };
		DC5708F91A00DBF500DB8821 /* TodayViewController.h */ = {isa = PBXFileReference; lastKnownFileType = sourcecode.c.h; path = TodayViewController.h; sourceTree = "<group>"; };
		DC5708FA1A00DBF500DB8821 /* TodayViewController.m */ = {isa = PBXFileReference; lastKnownFileType = sourcecode.c.objc; path = TodayViewController.m; sourceTree = "<group>"; };
		DC5708FC1A00DBF500DB8821 /* MainInterface.storyboard */ = {isa = PBXFileReference; lastKnownFileType = file.storyboard; path = MainInterface.storyboard; sourceTree = "<group>"; };
		DC64F4C519E5524900F860B4 /* Reachability.m */ = {isa = PBXFileReference; fileEncoding = 4; lastKnownFileType = sourcecode.c.objc; path = Reachability.m; sourceTree = "<group>"; };
		DC64F4C619E5524900F860B4 /* Reachability.h */ = {isa = PBXFileReference; fileEncoding = 4; lastKnownFileType = sourcecode.c.h; path = Reachability.h; sourceTree = "<group>"; };
		DC64F4C819E5582F00F860B4 /* SystemConfiguration.framework */ = {isa = PBXFileReference; lastKnownFileType = wrapper.framework; name = SystemConfiguration.framework; path = System/Library/Frameworks/SystemConfiguration.framework; sourceTree = SDKROOT; };
		DCA44BDC1A0CE8E100A4A758 /* Crashlytics.framework */ = {isa = PBXFileReference; lastKnownFileType = wrapper.framework; path = Crashlytics.framework; sourceTree = "<group>"; };
		DCA44BDD1A0CE8E100A4A758 /* Fabric.framework */ = {isa = PBXFileReference; lastKnownFileType = wrapper.framework; path = Fabric.framework; sourceTree = "<group>"; };
		DCCE230019F252D20027C390 /* LaunchImage.xib */ = {isa = PBXFileReference; fileEncoding = 4; lastKnownFileType = file.xib; path = LaunchImage.xib; sourceTree = "<group>"; };
		DCEBA50C19BCAD8C007C3FC7 /* ja */ = {isa = PBXFileReference; lastKnownFileType = text.plist.strings; name = ja; path = ja.lproj/InfoPlist.strings; sourceTree = "<group>"; };
		DCEBA50D19BCAD8C007C3FC7 /* ja */ = {isa = PBXFileReference; lastKnownFileType = text.plist.strings; name = ja; path = ja.lproj/InfoPlist.strings; sourceTree = "<group>"; };
		DCEBA51519BCB2AF007C3FC7 /* en */ = {isa = PBXFileReference; lastKnownFileType = text.plist.strings; name = en; path = en.lproj/Localizable.strings; sourceTree = "<group>"; };
		DCEBA51719BCB2B3007C3FC7 /* ja */ = {isa = PBXFileReference; lastKnownFileType = text.plist.strings; name = ja; path = ja.lproj/Localizable.strings; sourceTree = "<group>"; };
		DCEBA51819BCB304007C3FC7 /* RSVideoListViewController.m */ = {isa = PBXFileReference; fileEncoding = 4; lastKnownFileType = sourcecode.c.objc; path = RSVideoListViewController.m; sourceTree = "<group>"; };
		DCEBA51919BCB304007C3FC7 /* RSVideoListViewController.h */ = {isa = PBXFileReference; fileEncoding = 4; lastKnownFileType = sourcecode.c.h; path = RSVideoListViewController.h; sourceTree = "<group>"; };
		DCEBA51B19BCB350007C3FC7 /* RSVideoCollectionViewCell.m */ = {isa = PBXFileReference; fileEncoding = 4; lastKnownFileType = sourcecode.c.objc; name = RSVideoCollectionViewCell.m; path = View/RSVideoCollectionViewCell.m; sourceTree = "<group>"; };
		DCEBA51C19BCB350007C3FC7 /* RSVideoCollectionViewCell.h */ = {isa = PBXFileReference; fileEncoding = 4; lastKnownFileType = sourcecode.c.h; name = RSVideoCollectionViewCell.h; path = View/RSVideoCollectionViewCell.h; sourceTree = "<group>"; };
		DCF9877C19BDB6D600E9BCBE /* ko */ = {isa = PBXFileReference; lastKnownFileType = text.plist.strings; name = ko; path = ko.lproj/InfoPlist.strings; sourceTree = "<group>"; };
		DCF9877D19BDB6D600E9BCBE /* ko */ = {isa = PBXFileReference; lastKnownFileType = text.plist.strings; name = ko; path = ko.lproj/Localizable.strings; sourceTree = "<group>"; };
		DCF9877E19BDB6D600E9BCBE /* ko */ = {isa = PBXFileReference; lastKnownFileType = text.plist.strings; name = ko; path = ko.lproj/InfoPlist.strings; sourceTree = "<group>"; };
		DCF9878219BDBB2B00E9BCBE /* zh-Hans */ = {isa = PBXFileReference; lastKnownFileType = text.plist.strings; name = "zh-Hans"; path = "zh-Hans.lproj/InfoPlist.strings"; sourceTree = "<group>"; };
		DCF9878319BDBB2B00E9BCBE /* zh-Hans */ = {isa = PBXFileReference; lastKnownFileType = text.plist.strings; name = "zh-Hans"; path = "zh-Hans.lproj/Localizable.strings"; sourceTree = "<group>"; };
		DCF9878419BDBB2B00E9BCBE /* zh-Hans */ = {isa = PBXFileReference; lastKnownFileType = text.plist.strings; name = "zh-Hans"; path = "zh-Hans.lproj/InfoPlist.strings"; sourceTree = "<group>"; };
		DCF9878519BDBEFD00E9BCBE /* zh-Hant */ = {isa = PBXFileReference; lastKnownFileType = text.plist.strings; name = "zh-Hant"; path = "zh-Hant.lproj/InfoPlist.strings"; sourceTree = "<group>"; };
		DCF9878619BDBEFD00E9BCBE /* zh-Hant */ = {isa = PBXFileReference; lastKnownFileType = text.plist.strings; name = "zh-Hant"; path = "zh-Hant.lproj/Localizable.strings"; sourceTree = "<group>"; };
		DCF9878719BDBEFD00E9BCBE /* zh-Hant */ = {isa = PBXFileReference; lastKnownFileType = text.plist.strings; name = "zh-Hant"; path = "zh-Hant.lproj/InfoPlist.strings"; sourceTree = "<group>"; };
		DCF9878919BF0EEC00E9BCBE /* AMTumblrHud.h */ = {isa = PBXFileReference; fileEncoding = 4; lastKnownFileType = sourcecode.c.h; path = AMTumblrHud.h; sourceTree = "<group>"; };
		DCF9878A19BF0EEC00E9BCBE /* AMTumblrHud.m */ = {isa = PBXFileReference; fileEncoding = 4; lastKnownFileType = sourcecode.c.objc; path = AMTumblrHud.m; sourceTree = "<group>"; };
/* End PBXFileReference section */

/* Begin PBXFrameworksBuildPhase section */
		DC1044A419B2FA6B007A86E6 /* Frameworks */ = {
			isa = PBXFrameworksBuildPhase;
			buildActionMask = 2147483647;
			files = (
				DC22FF821A1245D70053FBB9 /* libz.dylib in Frameworks */,
				DC22FF801A1245C60053FBB9 /* AdSupport.framework in Frameworks */,
				DC64F4C919E5582F00F860B4 /* SystemConfiguration.framework in Frameworks */,
				DC22FF7E1A1245AB0053FBB9 /* CoreData.framework in Frameworks */,
				DCA44BDF1A0CE8E100A4A758 /* Fabric.framework in Frameworks */,
				DC1044AD19B2FA6B007A86E6 /* CoreGraphics.framework in Frameworks */,
				DC1044AF19B2FA6B007A86E6 /* UIKit.framework in Frameworks */,
				DC1044AB19B2FA6B007A86E6 /* Foundation.framework in Frameworks */,
				DCA44BDE1A0CE8E100A4A758 /* Crashlytics.framework in Frameworks */,
				D2912024C3464678820F0B0F /* libPods.a in Frameworks */,
			);
			runOnlyForDeploymentPostprocessing = 0;
		};
		DC1044C519B2FA6B007A86E6 /* Frameworks */ = {
			isa = PBXFrameworksBuildPhase;
			buildActionMask = 2147483647;
			files = (
				DC1044CA19B2FA6B007A86E6 /* XCTest.framework in Frameworks */,
				DC1044CC19B2FA6B007A86E6 /* UIKit.framework in Frameworks */,
				DC1044CB19B2FA6B007A86E6 /* Foundation.framework in Frameworks */,
				0D56D899FCC74DAF83E2042D /* libPods-LolTubeTests.a in Frameworks */,
			);
			runOnlyForDeploymentPostprocessing = 0;
		};
		DC5708F01A00DBF500DB8821 /* Frameworks */ = {
			isa = PBXFrameworksBuildPhase;
			buildActionMask = 2147483647;
			files = (
				DC5708F51A00DBF500DB8821 /* NotificationCenter.framework in Frameworks */,
				7D3B56BEC73C460A8FD88FC8 /* libPods-VideoWidget.a in Frameworks */,
			);
			runOnlyForDeploymentPostprocessing = 0;
		};
/* End PBXFrameworksBuildPhase section */

/* Begin PBXGroup section */
		7A9D50A24815ECCFF94C3A1F /* Animator */ = {
			isa = PBXGroup;
			children = (
				7A9D5CF5A4EF6701A13A5688 /* RSVideoDetailAnimator.m */,
				7A9D5BD5D92DC971E17EEAA1 /* RSVideoDetailAnimator.h */,
			);
			path = Animator;
			sourceTree = "<group>";
		};
		7A9D51026767D0DDE8AC6533 /* Util */ = {
			isa = PBXGroup;
			children = (
				7A9D5B7BE899A291E20B351C /* RSStringUtil.m */,
				7A9D5E0933CDDBBBDBCD4594 /* RSStringUtil.h */,
			);
			path = Util;
			sourceTree = "<group>";
		};
		7A9D53C0DDC793E5C0CEA66A /* Util */ = {
			isa = PBXGroup;
			children = (
				7A9D526397DA6DDCCAC2F3B6 /* StringUtilTest.swift */,
			);
			path = Util;
			sourceTree = "<group>";
		};
		7A9D54892715F0492B88A143 /* Category */ = {
			isa = PBXGroup;
			children = (
				7A9D571016D3664FBDB5479B /* NSDateTests.swift */,
			);
			path = Category;
			sourceTree = "<group>";
		};
		7A9D54F6BB6E002474601B73 /* Service */ = {
			isa = PBXGroup;
			children = (
			);
			path = Service;
			sourceTree = "<group>";
		};
		7A9D570B1D75FB530BE5A4A9 /* Reachability */ = {
			isa = PBXGroup;
			children = (
				DC64F4C519E5524900F860B4 /* Reachability.m */,
				DC64F4C619E5524900F860B4 /* Reachability.h */,
			);
			path = Reachability;
			sourceTree = "<group>";
		};
		7A9D572D3772432EF31F861E /* Service */ = {
			isa = PBXGroup;
			children = (
				7A9D5AF46BFEA231319F7D33 /* RayWenderlichChannel.json */,
				7A9D5749A02980374685100A /* Channel_unformatter_data.json */,
				7A9D52C373F26DFF52D2BE86 /* CLG_vs_DIG_Video_Deital.json */,
				7A9D55798B41038805DB2D14 /* Video_unformatter_data.json */,
			);
			path = Service;
			sourceTree = "<group>";
		};
		7A9D575BA2B9127AB9F13AC4 /* Category */ = {
			isa = PBXGroup;
			children = (
				7A9D57868192765BB8591D47 /* NSDate+RSFormatter.m */,
				7A9D55867E9F573269326BFA /* NSDate+RSFormatter.h */,
				7A9D5545E4F7CAFF362E9CEB /* UIViewController+RSLoading.m */,
				7A9D51490E5161855397D994 /* UIViewController+RSLoading.h */,
				7A9D51D455D1D7CB93CE543C /* UIImageView+Loading.m */,
				7A9D50102F7D7771E38FD4D4 /* UIImageView+Loading.h */,
				7A9D58472CEC4CF30FB62297 /* UIImage+RSImageEffect.m */,
				7A9D50D61627344D955161E7 /* UIImage+RSImageEffect.h */,
				7A9D5393063A2FA9933C12FF /* UIViewController+RSError.m */,
				7A9D5335364E80C0D66DFADA /* UIViewController+RSError.h */,
			);
			path = Category;
			sourceTree = "<group>";
		};
		7A9D580EE02C6EAE1E5686DD /* ViewModel */ = {
			isa = PBXGroup;
			children = (
				7A9D5E8BA4B47C87DD729968 /* RSVideoListCollectionViewModel.m */,
				7A9D58A91E727A44241D4B26 /* RSVideoListCollectionViewModel.h */,
				7A9D5D0FC66A92A7E22AAF65 /* RSVideoDetailViewModel.m */,
				7A9D51D53257ADAE528224DD /* RSVideoDetailViewModel.h */,
				7A9D5C49F23F451033B06810 /* RSChannelTableViewModel.m */,
				7A9D50AC20BC5C721036FA5A /* RSChannelTableViewModel.h */,
			);
			path = ViewModel;
			sourceTree = "<group>";
		};
		7A9D59BD8886AE67DA2D7CF6 /* Service */ = {
			isa = PBXGroup;
			children = (
				7A9D5C089DAEDD8088444FF1 /* RSYoutubeService.m */,
				7A9D5C04C421A5D2491B8658 /* RSYoutubeService.h */,
				7A9D518DC4BF259949301CF7 /* RSChannelService.m */,
				7A9D5AB115FA7BE1F3B692E8 /* RSChannelService.h */,
				7A9D5E1CAC258986C7A0B45D /* RSVideoService.m */,
				7A9D56878B6EAD4145C3F188 /* RSVideoService.h */,
			);
			path = Service;
			sourceTree = "<group>";
		};
		7A9D5C2B81A9792F2335757A /* View */ = {
			isa = PBXGroup;
			children = (
				DCEBA51B19BCB350007C3FC7 /* RSVideoCollectionViewCell.m */,
				DCEBA51C19BCB350007C3FC7 /* RSVideoCollectionViewCell.h */,
				7A9D543F7440097C8C2149E1 /* RSChannelTableViewCell.m */,
				7A9D55339657E8AC637463F9 /* RSChannelTableViewCell.h */,
				7A9D5B9085CD590F16BC2FEF /* RSSearchTableViewCell.m */,
				7A9D5EA2E87290F585584765 /* RSSearchTableViewCell.h */,
			);
			name = View;
			sourceTree = "<group>";
		};
		7A9D5CA6D2991170E6DCF605 /* ViewController */ = {
			isa = PBXGroup;
			children = (
				DCEBA51819BCB304007C3FC7 /* RSVideoListViewController.m */,
				DCEBA51919BCB304007C3FC7 /* RSVideoListViewController.h */,
				7A9D5C2B81A9792F2335757A /* View */,
				7A9D580EE02C6EAE1E5686DD /* ViewModel */,
				7A9D573075EAA12896D59A57 /* RSVideoDetailViewController.m */,
				7A9D5FCBA9DCDC569C7C2F1E /* RSVideoDetailViewController.h */,
				7A9D50A24815ECCFF94C3A1F /* Animator */,
				7A9D54A6133286B885319648 /* RSChannelListViewController.m */,
				7A9D5491BD493C1488231325 /* RSChannelListViewController.h */,
				7A9D5BBC9AEF1806266D6DC1 /* RSNavigationController.m */,
				7A9D50D8286AA3CF46BB5309 /* RSNavigationController.h */,
				7A9D51A9E3F136111C017131 /* RSChannelSearchViewController.m */,
				7A9D5685C6200426A7318226 /* RSChannelSearchViewController.h */,
			);
			path = ViewController;
			sourceTree = "<group>";
		};
		7A9D5CF8F8A4CE4F2E69B2CB /* Lib */ = {
			isa = PBXGroup;
			children = (
				DCF9878819BF0EEC00E9BCBE /* AMTumblrHud */,
				7A9D570B1D75FB530BE5A4A9 /* Reachability */,
			);
			path = Lib;
			sourceTree = "<group>";
		};
		7A9D5D6734C81C9E42BD5E74 /* Common */ = {
			isa = PBXGroup;
			children = (
				7A9D54892715F0492B88A143 /* Category */,
				7A9D53C0DDC793E5C0CEA66A /* Util */,
			);
			path = Common;
			sourceTree = "<group>";
		};
		7A9D5D6A5556C56CFBE04C95 /* Model */ = {
			isa = PBXGroup;
			children = (
				7A9D5DDC35472535F6055FF4 /* RSChannelModel.m */,
				7A9D5A860870F855225F2509 /* RSChannelModel.h */,
				7A9D5A0D3ED28B62DA5B95AC /* RSVideoModel.m */,
				7A9D5C2CC4F117793092B6BF /* RSVideoModel.h */,
				7A9D515B04B281818CFFBBCE /* RSSearchModel.m */,
				7A9D53B85CDC6EFBEF69CB30 /* RSSearchModel.h */,
				7A9D579DEBD8CEEC71AB737A /* RSThumbnails.m */,
				7A9D5945F2653C03C46B1A5B /* RSThumbnails.h */,
			);
			path = Model;
			sourceTree = "<group>";
		};
		7A9D5E819280DF093ABDC934 /* Common */ = {
			isa = PBXGroup;
			children = (
				7A9D575BA2B9127AB9F13AC4 /* Category */,
				7A9D51026767D0DDE8AC6533 /* Util */,
			);
			path = Common;
			sourceTree = "<group>";
		};
		7A9D5F1A2A485D297787BBF1 /* Resource */ = {
			isa = PBXGroup;
			children = (
				7A9D572D3772432EF31F861E /* Service */,
			);
			path = Resource;
			sourceTree = "<group>";
		};
		7A9D5F425AB97F89FB258289 /* StoryBoard */ = {
			isa = PBXGroup;
			children = (
				DCCE230019F252D20027C390 /* LaunchImage.xib */,
				DC47690D1A07EAA700DC3D2D /* Main.storyboard */,
			);
			path = StoryBoard;
			sourceTree = "<group>";
		};
		DC10449E19B2FA6B007A86E6 = {
			isa = PBXGroup;
			children = (
				DC1044B019B2FA6B007A86E6 /* LolTube */,
				DC1044CF19B2FA6B007A86E6 /* LolTubeTests */,
				DC5708F61A00DBF500DB8821 /* VideoWidget */,
				DC1044A919B2FA6B007A86E6 /* Frameworks */,
				DC1044A819B2FA6B007A86E6 /* Products */,
				371FAF4E87134393B85D8C11 /* Pods.xcconfig */,
				78D44C9CFB5B45D686716807 /* Pods-LolTubeTests.xcconfig */,
				97AB2DFA1BA34AEB926EF0EC /* Pods-VideoWidget.xcconfig */,
			);
			sourceTree = "<group>";
		};
		DC1044A819B2FA6B007A86E6 /* Products */ = {
			isa = PBXGroup;
			children = (
				DC1044A719B2FA6B007A86E6 /* LolTube.app */,
				DC1044C819B2FA6B007A86E6 /* LolTubeTests.xctest */,
				DC5708F31A00DBF500DB8821 /* VideoWidget.appex */,
			);
			name = Products;
			sourceTree = "<group>";
		};
		DC1044A919B2FA6B007A86E6 /* Frameworks */ = {
			isa = PBXGroup;
			children = (
				DC22FF811A1245D70053FBB9 /* libz.dylib */,
				DC22FF7F1A1245C60053FBB9 /* AdSupport.framework */,
				DC22FF7D1A1245AB0053FBB9 /* CoreData.framework */,
				DCA44BDC1A0CE8E100A4A758 /* Crashlytics.framework */,
				DCA44BDD1A0CE8E100A4A758 /* Fabric.framework */,
				DC64F4C819E5582F00F860B4 /* SystemConfiguration.framework */,
				DC1044AA19B2FA6B007A86E6 /* Foundation.framework */,
				DC1044AC19B2FA6B007A86E6 /* CoreGraphics.framework */,
				DC1044AE19B2FA6B007A86E6 /* UIKit.framework */,
				DC1044C919B2FA6B007A86E6 /* XCTest.framework */,
				8AE8E8822B6E415281465DA6 /* libPods.a */,
				492EE9566EC348369DBEEC9F /* libPods-LolTubeTests.a */,
				DC5708F41A00DBF500DB8821 /* NotificationCenter.framework */,
				258B97C7D8C343E59B7679D4 /* libPods-VideoWidget.a */,
			);
			name = Frameworks;
			sourceTree = "<group>";
		};
		DC1044B019B2FA6B007A86E6 /* LolTube */ = {
			isa = PBXGroup;
			children = (
				DC0F69281A075CD90061EB95 /* LolTube.entitlements */,
				DC1044B919B2FA6B007A86E6 /* RSAppDelegate.h */,
				DC1044BA19B2FA6B007A86E6 /* RSAppDelegate.m */,
				DC1044C219B2FA6B007A86E6 /* Images.xcassets */,
				DC1044B119B2FA6B007A86E6 /* Supporting Files */,
				7A9D5CA6D2991170E6DCF605 /* ViewController */,
				7A9D5F425AB97F89FB258289 /* StoryBoard */,
				7A9D59BD8886AE67DA2D7CF6 /* Service */,
				7A9D5D6A5556C56CFBE04C95 /* Model */,
				7A9D5E819280DF093ABDC934 /* Common */,
				7A9D5CF8F8A4CE4F2E69B2CB /* Lib */,
			);
			path = LolTube;
			sourceTree = "<group>";
		};
		DC1044B119B2FA6B007A86E6 /* Supporting Files */ = {
			isa = PBXGroup;
			children = (
				DC1044B219B2FA6B007A86E6 /* LolTube-Info.plist */,
				DC1044B319B2FA6B007A86E6 /* InfoPlist.strings */,
				DC1044B619B2FA6B007A86E6 /* main.m */,
				DC1044B819B2FA6B007A86E6 /* LolTube-Prefix.pch */,
				DCEBA51619BCB2AF007C3FC7 /* Localizable.strings */,
				DC51B44D1A0D36760034DDD1 /* LolTube-Bridging-Header.h */,
			);
			name = "Supporting Files";
			sourceTree = "<group>";
		};
		DC1044CF19B2FA6B007A86E6 /* LolTubeTests */ = {
			isa = PBXGroup;
			children = (
				DC1044D019B2FA6B007A86E6 /* Supporting Files */,
				7A9D54F6BB6E002474601B73 /* Service */,
				7A9D5F1A2A485D297787BBF1 /* Resource */,
				7A9D5D6734C81C9E42BD5E74 /* Common */,
			);
			path = LolTubeTests;
			sourceTree = "<group>";
		};
		DC1044D019B2FA6B007A86E6 /* Supporting Files */ = {
			isa = PBXGroup;
			children = (
				DC51B4501A0D36CB0034DDD1 /* LolTubeTests-Bridging-Header.h */,
				DC1044D119B2FA6B007A86E6 /* LolTubeTests-Info.plist */,
				DC1044D219B2FA6B007A86E6 /* InfoPlist.strings */,
			);
			name = "Supporting Files";
			sourceTree = "<group>";
		};
		DC5708F61A00DBF500DB8821 /* VideoWidget */ = {
			isa = PBXGroup;
			children = (
				DC0F69291A075CE80061EB95 /* VideoWidget.entitlements */,
				DC5708F91A00DBF500DB8821 /* TodayViewController.h */,
				DC5708FA1A00DBF500DB8821 /* TodayViewController.m */,
				DC5708FC1A00DBF500DB8821 /* MainInterface.storyboard */,
				DC5708F71A00DBF500DB8821 /* Supporting Files */,
				7A9D5A57F12E827DA02DC5C6 /* RSTodayVideoTableViewModel.m */,
				7A9D5904CA4C863FB30FC721 /* RSTodayVideoTableViewModel.h */,
			);
			path = VideoWidget;
			sourceTree = "<group>";
		};
		DC5708F71A00DBF500DB8821 /* Supporting Files */ = {
			isa = PBXGroup;
			children = (
				DC5708F81A00DBF500DB8821 /* Info.plist */,
			);
			name = "Supporting Files";
			sourceTree = "<group>";
		};
		DCF9878819BF0EEC00E9BCBE /* AMTumblrHud */ = {
			isa = PBXGroup;
			children = (
				DCF9878919BF0EEC00E9BCBE /* AMTumblrHud.h */,
				DCF9878A19BF0EEC00E9BCBE /* AMTumblrHud.m */,
			);
			path = AMTumblrHud;
			sourceTree = "<group>";
		};
/* End PBXGroup section */

/* Begin PBXNativeTarget section */
		DC1044A619B2FA6B007A86E6 /* LolTube */ = {
			isa = PBXNativeTarget;
			buildConfigurationList = DC1044D919B2FA6B007A86E6 /* Build configuration list for PBXNativeTarget "LolTube" */;
			buildPhases = (
				73C338F7AD4440E0A5DF77D0 /* Check Pods Manifest.lock */,
				DC1044A319B2FA6B007A86E6 /* Sources */,
				DC1044A419B2FA6B007A86E6 /* Frameworks */,
				DC1044A519B2FA6B007A86E6 /* Resources */,
				8C8C1AB0675149FBA3D65059 /* Copy Pods Resources */,
				DC5709061A00DBF500DB8821 /* Embed App Extensions */,
				DCA44BDB1A0CE84200A4A758 /* ShellScript */,
			);
			buildRules = (
			);
			dependencies = (
				DC5708FF1A00DBF500DB8821 /* PBXTargetDependency */,
				DC5709021A00DBF500DB8821 /* PBXTargetDependency */,
			);
			name = LolTube;
			productName = LolTube;
			productReference = DC1044A719B2FA6B007A86E6 /* LolTube.app */;
			productType = "com.apple.product-type.application";
		};
		DC1044C719B2FA6B007A86E6 /* LolTubeTests */ = {
			isa = PBXNativeTarget;
			buildConfigurationList = DC1044DC19B2FA6B007A86E6 /* Build configuration list for PBXNativeTarget "LolTubeTests" */;
			buildPhases = (
				A5B97F07C1064FC099D71CAE /* Check Pods Manifest.lock */,
				DC1044C419B2FA6B007A86E6 /* Sources */,
				DC1044C519B2FA6B007A86E6 /* Frameworks */,
				DC1044C619B2FA6B007A86E6 /* Resources */,
				1E4CA3BCEF174D56ACCA742F /* Copy Pods Resources */,
			);
			buildRules = (
			);
			dependencies = (
				DC1044CE19B2FA6B007A86E6 /* PBXTargetDependency */,
			);
			name = LolTubeTests;
			productName = LolTubeTests;
			productReference = DC1044C819B2FA6B007A86E6 /* LolTubeTests.xctest */;
			productType = "com.apple.product-type.bundle.unit-test";
		};
		DC5708F21A00DBF500DB8821 /* VideoWidget */ = {
			isa = PBXNativeTarget;
			buildConfigurationList = DC5709051A00DBF500DB8821 /* Build configuration list for PBXNativeTarget "VideoWidget" */;
			buildPhases = (
				2F1AB611F1E348F88CCFAC27 /* Check Pods Manifest.lock */,
				DC5708EF1A00DBF500DB8821 /* Sources */,
				DC5708F01A00DBF500DB8821 /* Frameworks */,
				DC5708F11A00DBF500DB8821 /* Resources */,
				2AC97878B2FD49C6A2F94C6D /* Copy Pods Resources */,
			);
			buildRules = (
			);
			dependencies = (
			);
			name = VideoWidget;
			productName = VideoWidget;
			productReference = DC5708F31A00DBF500DB8821 /* VideoWidget.appex */;
			productType = "com.apple.product-type.app-extension";
		};
/* End PBXNativeTarget section */

/* Begin PBXProject section */
		DC10449F19B2FA6B007A86E6 /* Project object */ = {
			isa = PBXProject;
			attributes = {
				CLASSPREFIX = RS;
				LastUpgradeCheck = 0510;
				ORGANIZATIONNAME = "Huiping Guo";
				TargetAttributes = {
					DC1044A619B2FA6B007A86E6 = {
						DevelopmentTeam = Q2N4A2LNJ8;
						SystemCapabilities = {
							com.apple.ApplicationGroups.iOS = {
								enabled = 1;
							};
							com.apple.BackgroundModes = {
								enabled = 1;
							};
						};
					};
					DC1044C719B2FA6B007A86E6 = {
						TestTargetID = DC1044A619B2FA6B007A86E6;
					};
					DC5708F21A00DBF500DB8821 = {
						CreatedOnToolsVersion = 6.0.1;
						DevelopmentTeam = Q2N4A2LNJ8;
						SystemCapabilities = {
							com.apple.ApplicationGroups.iOS = {
								enabled = 1;
							};
						};
					};
				};
			};
			buildConfigurationList = DC1044A219B2FA6B007A86E6 /* Build configuration list for PBXProject "LolTube" */;
			compatibilityVersion = "Xcode 3.2";
			developmentRegion = English;
			hasScannedForEncodings = 0;
			knownRegions = (
				en,
				Base,
				ja,
				"zh-Hans-CN",
				ko,
				"zh-Hant",
				"zh-Hans",
			);
			mainGroup = DC10449E19B2FA6B007A86E6;
			productRefGroup = DC1044A819B2FA6B007A86E6 /* Products */;
			projectDirPath = "";
			projectRoot = "";
			targets = (
				DC1044A619B2FA6B007A86E6 /* LolTube */,
				DC1044C719B2FA6B007A86E6 /* LolTubeTests */,
				DC5708F21A00DBF500DB8821 /* VideoWidget */,
			);
		};
/* End PBXProject section */

/* Begin PBXResourcesBuildPhase section */
		DC1044A519B2FA6B007A86E6 /* Resources */ = {
			isa = PBXResourcesBuildPhase;
			buildActionMask = 2147483647;
			files = (
				DC1044C319B2FA6B007A86E6 /* Images.xcassets in Resources */,
				DC1044B519B2FA6B007A86E6 /* InfoPlist.strings in Resources */,
				DCEBA51419BCB2AF007C3FC7 /* Localizable.strings in Resources */,
				DC47690B1A07EAA700DC3D2D /* Main.storyboard in Resources */,
				DCCE230119F252D20027C390 /* LaunchImage.xib in Resources */,
			);
			runOnlyForDeploymentPostprocessing = 0;
		};
		DC1044C619B2FA6B007A86E6 /* Resources */ = {
			isa = PBXResourcesBuildPhase;
			buildActionMask = 2147483647;
			files = (
				DC1044D419B2FA6B007A86E6 /* InfoPlist.strings in Resources */,
				7A9D588F5B7F3309F41F5AA4 /* RayWenderlichChannel.json in Resources */,
				7A9D5E91022E54BA028FDBA9 /* Channel_unformatter_data.json in Resources */,
				7A9D5CA59D5C226F88C846BA /* CLG_vs_DIG_Video_Deital.json in Resources */,
				7A9D53AE2A3FDB6C7B8D9697 /* Video_unformatter_data.json in Resources */,
			);
			runOnlyForDeploymentPostprocessing = 0;
		};
		DC5708F11A00DBF500DB8821 /* Resources */ = {
			isa = PBXResourcesBuildPhase;
			buildActionMask = 2147483647;
			files = (
				DC5708FD1A00DBF500DB8821 /* MainInterface.storyboard in Resources */,
				DC0F69271A0528810061EB95 /* Localizable.strings in Resources */,
				DC0F691C1A03DFD70061EB95 /* Images.xcassets in Resources */,
			);
			runOnlyForDeploymentPostprocessing = 0;
		};
/* End PBXResourcesBuildPhase section */

/* Begin PBXShellScriptBuildPhase section */
		1E4CA3BCEF174D56ACCA742F /* Copy Pods Resources */ = {
			isa = PBXShellScriptBuildPhase;
			buildActionMask = 2147483647;
			files = (
			);
			inputPaths = (
			);
			name = "Copy Pods Resources";
			outputPaths = (
			);
			runOnlyForDeploymentPostprocessing = 0;
			shellPath = /bin/sh;
			shellScript = "\"${SRCROOT}/Pods/Pods-LolTubeTests-resources.sh\"\n";
			showEnvVarsInLog = 0;
		};
		2AC97878B2FD49C6A2F94C6D /* Copy Pods Resources */ = {
			isa = PBXShellScriptBuildPhase;
			buildActionMask = 2147483647;
			files = (
			);
			inputPaths = (
			);
			name = "Copy Pods Resources";
			outputPaths = (
			);
			runOnlyForDeploymentPostprocessing = 0;
			shellPath = /bin/sh;
			shellScript = "\"${SRCROOT}/Pods/Pods-VideoWidget-resources.sh\"\n";
			showEnvVarsInLog = 0;
		};
		2F1AB611F1E348F88CCFAC27 /* Check Pods Manifest.lock */ = {
			isa = PBXShellScriptBuildPhase;
			buildActionMask = 2147483647;
			files = (
			);
			inputPaths = (
			);
			name = "Check Pods Manifest.lock";
			outputPaths = (
			);
			runOnlyForDeploymentPostprocessing = 0;
			shellPath = /bin/sh;
			shellScript = "diff \"${PODS_ROOT}/../Podfile.lock\" \"${PODS_ROOT}/Manifest.lock\" > /dev/null\nif [[ $? != 0 ]] ; then\n    cat << EOM\nerror: The sandbox is not in sync with the Podfile.lock. Run 'pod install' or update your CocoaPods installation.\nEOM\n    exit 1\nfi\n";
			showEnvVarsInLog = 0;
		};
		73C338F7AD4440E0A5DF77D0 /* Check Pods Manifest.lock */ = {
			isa = PBXShellScriptBuildPhase;
			buildActionMask = 2147483647;
			files = (
			);
			inputPaths = (
			);
			name = "Check Pods Manifest.lock";
			outputPaths = (
			);
			runOnlyForDeploymentPostprocessing = 0;
			shellPath = /bin/sh;
			shellScript = "diff \"${PODS_ROOT}/../Podfile.lock\" \"${PODS_ROOT}/Manifest.lock\" > /dev/null\nif [[ $? != 0 ]] ; then\n    cat << EOM\nerror: The sandbox is not in sync with the Podfile.lock. Run 'pod install' or update your CocoaPods installation.\nEOM\n    exit 1\nfi\n";
			showEnvVarsInLog = 0;
		};
		8C8C1AB0675149FBA3D65059 /* Copy Pods Resources */ = {
			isa = PBXShellScriptBuildPhase;
			buildActionMask = 2147483647;
			files = (
			);
			inputPaths = (
			);
			name = "Copy Pods Resources";
			outputPaths = (
			);
			runOnlyForDeploymentPostprocessing = 0;
			shellPath = /bin/sh;
			shellScript = "\"${SRCROOT}/Pods/Pods-resources.sh\"\n";
			showEnvVarsInLog = 0;
		};
		A5B97F07C1064FC099D71CAE /* Check Pods Manifest.lock */ = {
			isa = PBXShellScriptBuildPhase;
			buildActionMask = 2147483647;
			files = (
			);
			inputPaths = (
			);
			name = "Check Pods Manifest.lock";
			outputPaths = (
			);
			runOnlyForDeploymentPostprocessing = 0;
			shellPath = /bin/sh;
			shellScript = "diff \"${PODS_ROOT}/../Podfile.lock\" \"${PODS_ROOT}/Manifest.lock\" > /dev/null\nif [[ $? != 0 ]] ; then\n    cat << EOM\nerror: The sandbox is not in sync with the Podfile.lock. Run 'pod install' or update your CocoaPods installation.\nEOM\n    exit 1\nfi\n";
			showEnvVarsInLog = 0;
		};
		DCA44BDB1A0CE84200A4A758 /* ShellScript */ = {
			isa = PBXShellScriptBuildPhase;
			buildActionMask = 2147483647;
			files = (
			);
			inputPaths = (
			);
			outputPaths = (
			);
			runOnlyForDeploymentPostprocessing = 0;
			shellPath = /bin/sh;
			shellScript = "./Fabric.framework/run a4fad5e74a1a429b3f4276b1c07cda73f9443302 271a51c801fa2e8d0959e70b2ee5b49c9ef9dd171213e1ca2ba572aa3499a21d";
		};
/* End PBXShellScriptBuildPhase section */

/* Begin PBXSourcesBuildPhase section */
		DC1044A319B2FA6B007A86E6 /* Sources */ = {
			isa = PBXSourcesBuildPhase;
			buildActionMask = 2147483647;
			files = (
				DC1044B719B2FA6B007A86E6 /* main.m in Sources */,
				DC1044BB19B2FA6B007A86E6 /* RSAppDelegate.m in Sources */,
				7A9D5D53C4D3636F1491713E /* RSYoutubeService.m in Sources */,
				DCEBA51D19BCB350007C3FC7 /* RSVideoCollectionViewCell.m in Sources */,
				DC64F4C719E5524900F860B4 /* Reachability.m in Sources */,
				7A9D5EB60C1024B77DC9A0DB /* RSChannelModel.m in Sources */,
				7A9D55F6E873A617BE46DE8C /* RSVideoModel.m in Sources */,
				7A9D5854FD09B52840A1B3D9 /* RSSearchModel.m in Sources */,
				7A9D5798B8B427BE4FE71303 /* RSVideoListCollectionViewModel.m in Sources */,
				7A9D5C20AC3EAD887249EB04 /* NSDate+RSFormatter.m in Sources */,
				7A9D5634A5DEAE65CC9D46FF /* RSStringUtil.m in Sources */,
				DCEBA51A19BCB304007C3FC7 /* RSVideoListViewController.m in Sources */,
				7A9D57F1BEA45BC6BC31AD65 /* RSVideoDetailViewController.m in Sources */,
				DCF9878B19BF0EEC00E9BCBE /* AMTumblrHud.m in Sources */,
				7A9D526589D6379D67DF2E3A /* RSThumbnails.m in Sources */,
				7A9D53046E0D3AE83354D84E /* RSVideoDetailViewModel.m in Sources */,
				7A9D5493ABCB526054E6AE8F /* UIViewController+RSLoading.m in Sources */,
				7A9D5E2CCB1FE97836B05D75 /* RSVideoDetailAnimator.m in Sources */,
				7A9D57EAA5AEB366EA6A23F7 /* RSChannelListViewController.m in Sources */,
				7A9D5AB8B2CE3F6EC087BFFA /* RSChannelTableViewCell.m in Sources */,
				7A9D5CD47D8FEE20AF37FF99 /* RSChannelTableViewModel.m in Sources */,
				7A9D5C639F1A613376BC21EC /* RSChannelService.m in Sources */,
				7A9D5CD811F4E4552A0253F8 /* RSSearchTableViewCell.m in Sources */,
				7A9D517888BCFE3270DE9EB1 /* UIImageView+Loading.m in Sources */,
				7A9D586B28644EC8ACC550FF /* RSNavigationController.m in Sources */,
				7A9D5F14B85FDCEF4668D937 /* RSVideoService.m in Sources */,
				7A9D53DFD3C33E8F18FBF450 /* UIImage+RSImageEffect.m in Sources */,
				7A9D56D2DEB3EF67951843BC /* RSChannelSearchViewController.m in Sources */,
				7A9D5A766490C3ECF29776DE /* UIViewController+RSError.m in Sources */,
			);
			runOnlyForDeploymentPostprocessing = 0;
		};
		DC1044C419B2FA6B007A86E6 /* Sources */ = {
			isa = PBXSourcesBuildPhase;
			buildActionMask = 2147483647;
			files = (
				7A9D533BD41BF929A8993258 /* NSDateTests.swift in Sources */,
				7A9D59A8FA8D919C39DCC359 /* StringUtilTest.swift in Sources */,
			);
			runOnlyForDeploymentPostprocessing = 0;
		};
		DC5708EF1A00DBF500DB8821 /* Sources */ = {
			isa = PBXSourcesBuildPhase;
			buildActionMask = 2147483647;
			files = (
				DC0F691E1A051A600061EB95 /* RSChannelService.m in Sources */,
				DC0F69201A051A740061EB95 /* UIImageView+Loading.m in Sources */,
				DC0F69231A051C4F0061EB95 /* RSChannelModel.m in Sources */,
				DC0F69261A051DBB0061EB95 /* UIImage+RSImageEffect.m in Sources */,
				DC5708FB1A00DBF500DB8821 /* TodayViewController.m in Sources */,
				DC0F69251A051C6D0061EB95 /* RSStringUtil.m in Sources */,
				7A9D502564EF5651A21D735F /* RSTodayVideoTableViewModel.m in Sources */,
				DC0F69211A051A850061EB95 /* RSSearchModel.m in Sources */,
				DC0F69241A051C5D0061EB95 /* RSVideoModel.m in Sources */,
				DC0F69221A051A910061EB95 /* RSThumbnails.m in Sources */,
				DC0F691F1A051A6C0061EB95 /* NSDate+RSFormatter.m in Sources */,
				DC0F691D1A051A540061EB95 /* RSYoutubeService.m in Sources */,
			);
			runOnlyForDeploymentPostprocessing = 0;
		};
/* End PBXSourcesBuildPhase section */

/* Begin PBXTargetDependency section */
		DC1044CE19B2FA6B007A86E6 /* PBXTargetDependency */ = {
			isa = PBXTargetDependency;
			target = DC1044A619B2FA6B007A86E6 /* LolTube */;
			targetProxy = DC1044CD19B2FA6B007A86E6 /* PBXContainerItemProxy */;
		};
		DC5708FF1A00DBF500DB8821 /* PBXTargetDependency */ = {
			isa = PBXTargetDependency;
			target = DC5708F21A00DBF500DB8821 /* VideoWidget */;
			targetProxy = DC5708FE1A00DBF500DB8821 /* PBXContainerItemProxy */;
		};
		DC5709021A00DBF500DB8821 /* PBXTargetDependency */ = {
			isa = PBXTargetDependency;
			target = DC5708F21A00DBF500DB8821 /* VideoWidget */;
			targetProxy = DC5709011A00DBF500DB8821 /* PBXContainerItemProxy */;
		};
/* End PBXTargetDependency section */

/* Begin PBXVariantGroup section */
		DC1044B319B2FA6B007A86E6 /* InfoPlist.strings */ = {
			isa = PBXVariantGroup;
			children = (
				DC1044B419B2FA6B007A86E6 /* en */,
				DCEBA50C19BCAD8C007C3FC7 /* ja */,
				DCF9877C19BDB6D600E9BCBE /* ko */,
				DCF9878219BDBB2B00E9BCBE /* zh-Hans */,
				DCF9878519BDBEFD00E9BCBE /* zh-Hant */,
			);
			name = InfoPlist.strings;
			sourceTree = "<group>";
		};
		DC1044D219B2FA6B007A86E6 /* InfoPlist.strings */ = {
			isa = PBXVariantGroup;
			children = (
				DC1044D319B2FA6B007A86E6 /* en */,
				DCEBA50D19BCAD8C007C3FC7 /* ja */,
				DCF9877E19BDB6D600E9BCBE /* ko */,
				DCF9878419BDBB2B00E9BCBE /* zh-Hans */,
				DCF9878719BDBEFD00E9BCBE /* zh-Hant */,
			);
			name = InfoPlist.strings;
			sourceTree = "<group>";
		};
		DC47690D1A07EAA700DC3D2D /* Main.storyboard */ = {
			isa = PBXVariantGroup;
			children = (
				DC47690C1A07EAA700DC3D2D /* Base */,
				DC47690F1A07EAAA00DC3D2D /* en */,
				DC4769111A07EAAF00DC3D2D /* ja */,
				DC4769131A07EAB000DC3D2D /* zh-Hans-CN */,
				DC4769151A07EAB200DC3D2D /* ko */,
				DC4769171A07EAB300DC3D2D /* zh-Hant */,
				DC4769191A07EAB500DC3D2D /* zh-Hans */,
			);
			name = Main.storyboard;
			sourceTree = "<group>";
		};
		DCEBA51619BCB2AF007C3FC7 /* Localizable.strings */ = {
			isa = PBXVariantGroup;
			children = (
				DCEBA51519BCB2AF007C3FC7 /* en */,
				DCEBA51719BCB2B3007C3FC7 /* ja */,
				DCF9877D19BDB6D600E9BCBE /* ko */,
				DCF9878319BDBB2B00E9BCBE /* zh-Hans */,
				DCF9878619BDBEFD00E9BCBE /* zh-Hant */,
			);
			name = Localizable.strings;
			sourceTree = "<group>";
		};
/* End PBXVariantGroup section */

/* Begin XCBuildConfiguration section */
		DC1044D719B2FA6B007A86E6 /* Debug */ = {
			isa = XCBuildConfiguration;
			buildSettings = {
				ALWAYS_SEARCH_USER_PATHS = NO;
				CLANG_CXX_LANGUAGE_STANDARD = "gnu++0x";
				CLANG_CXX_LIBRARY = "libc++";
				CLANG_ENABLE_MODULES = YES;
				CLANG_ENABLE_OBJC_ARC = YES;
				CLANG_WARN_BOOL_CONVERSION = YES;
				CLANG_WARN_CONSTANT_CONVERSION = YES;
				CLANG_WARN_DIRECT_OBJC_ISA_USAGE = YES_ERROR;
				CLANG_WARN_EMPTY_BODY = YES;
				CLANG_WARN_ENUM_CONVERSION = YES;
				CLANG_WARN_INT_CONVERSION = YES;
				CLANG_WARN_OBJC_ROOT_CLASS = YES_ERROR;
				CLANG_WARN__DUPLICATE_METHOD_MATCH = YES;
				"CODE_SIGN_IDENTITY[sdk=iphoneos*]" = "iPhone Developer";
				COPY_PHASE_STRIP = NO;
				GCC_C_LANGUAGE_STANDARD = gnu99;
				GCC_DYNAMIC_NO_PIC = NO;
				GCC_OPTIMIZATION_LEVEL = 0;
				GCC_PREPROCESSOR_DEFINITIONS = (
					"DEBUG=1",
					"$(inherited)",
				);
				GCC_SYMBOLS_PRIVATE_EXTERN = NO;
				GCC_WARN_64_TO_32_BIT_CONVERSION = YES;
				GCC_WARN_ABOUT_RETURN_TYPE = YES_ERROR;
				GCC_WARN_UNDECLARED_SELECTOR = YES;
				GCC_WARN_UNINITIALIZED_AUTOS = YES_AGGRESSIVE;
				GCC_WARN_UNUSED_FUNCTION = YES;
				GCC_WARN_UNUSED_VARIABLE = YES;
				IPHONEOS_DEPLOYMENT_TARGET = 7.1;
				ONLY_ACTIVE_ARCH = YES;
				SDKROOT = iphoneos;
			};
			name = Debug;
		};
		DC1044D819B2FA6B007A86E6 /* Release */ = {
			isa = XCBuildConfiguration;
			buildSettings = {
				ALWAYS_SEARCH_USER_PATHS = NO;
				CLANG_CXX_LANGUAGE_STANDARD = "gnu++0x";
				CLANG_CXX_LIBRARY = "libc++";
				CLANG_ENABLE_MODULES = YES;
				CLANG_ENABLE_OBJC_ARC = YES;
				CLANG_WARN_BOOL_CONVERSION = YES;
				CLANG_WARN_CONSTANT_CONVERSION = YES;
				CLANG_WARN_DIRECT_OBJC_ISA_USAGE = YES_ERROR;
				CLANG_WARN_EMPTY_BODY = YES;
				CLANG_WARN_ENUM_CONVERSION = YES;
				CLANG_WARN_INT_CONVERSION = YES;
				CLANG_WARN_OBJC_ROOT_CLASS = YES_ERROR;
				CLANG_WARN__DUPLICATE_METHOD_MATCH = YES;
				"CODE_SIGN_IDENTITY[sdk=iphoneos*]" = "iPhone Developer";
				COPY_PHASE_STRIP = YES;
				ENABLE_NS_ASSERTIONS = NO;
				GCC_C_LANGUAGE_STANDARD = gnu99;
				GCC_WARN_64_TO_32_BIT_CONVERSION = YES;
				GCC_WARN_ABOUT_RETURN_TYPE = YES_ERROR;
				GCC_WARN_UNDECLARED_SELECTOR = YES;
				GCC_WARN_UNINITIALIZED_AUTOS = YES_AGGRESSIVE;
				GCC_WARN_UNUSED_FUNCTION = YES;
				GCC_WARN_UNUSED_VARIABLE = YES;
				IPHONEOS_DEPLOYMENT_TARGET = 7.1;
				SDKROOT = iphoneos;
				VALIDATE_PRODUCT = YES;
			};
			name = Release;
		};
		DC1044DA19B2FA6B007A86E6 /* Debug */ = {
			isa = XCBuildConfiguration;
			baseConfigurationReference = 371FAF4E87134393B85D8C11 /* Pods.xcconfig */;
			buildSettings = {
				ASSETCATALOG_COMPILER_APPICON_NAME = AppIcon;
				ASSETCATALOG_COMPILER_LAUNCHIMAGE_NAME = LaunchImage;
				CLANG_ENABLE_MODULES = YES;
				CODE_SIGN_ENTITLEMENTS = LolTube/LolTube.entitlements;
				CODE_SIGN_IDENTITY = "iPhone Developer";
				"CODE_SIGN_IDENTITY[sdk=iphoneos*]" = "iPhone Developer";
				FRAMEWORK_SEARCH_PATHS = (
					"$(inherited)",
					"$(DEVELOPER_FRAMEWORKS_DIR)",
					"$(PROJECT_DIR)",
				);
				GCC_PRECOMPILE_PREFIX_HEADER = YES;
				GCC_PREFIX_HEADER = "LolTube/LolTube-Prefix.pch";
				INFOPLIST_FILE = "LolTube/LolTube-Info.plist";
				IPHONEOS_DEPLOYMENT_TARGET = 7.0;
				LD_RUNPATH_SEARCH_PATHS = "$(inherited) @executable_path/Frameworks";
				PRODUCT_NAME = "$(TARGET_NAME)";
				PROVISIONING_PROFILE = "";
				SWIFT_OBJC_BRIDGING_HEADER = "LolTube/Common/Util/LolTube-Bridging-Header.h";
				SWIFT_OPTIMIZATION_LEVEL = "-Onone";
				WRAPPER_EXTENSION = app;
			};
			name = Debug;
		};
		DC1044DB19B2FA6B007A86E6 /* Release */ = {
			isa = XCBuildConfiguration;
			baseConfigurationReference = 371FAF4E87134393B85D8C11 /* Pods.xcconfig */;
			buildSettings = {
				ASSETCATALOG_COMPILER_APPICON_NAME = AppIcon;
				ASSETCATALOG_COMPILER_LAUNCHIMAGE_NAME = LaunchImage;
				CLANG_ENABLE_MODULES = YES;
				CODE_SIGN_ENTITLEMENTS = LolTube/LolTube.entitlements;
				CODE_SIGN_IDENTITY = "iPhone Developer";
				"CODE_SIGN_IDENTITY[sdk=iphoneos*]" = "iPhone Developer";
				FRAMEWORK_SEARCH_PATHS = (
					"$(inherited)",
					"$(DEVELOPER_FRAMEWORKS_DIR)",
					"$(PROJECT_DIR)",
				);
				GCC_PRECOMPILE_PREFIX_HEADER = YES;
				GCC_PREFIX_HEADER = "LolTube/LolTube-Prefix.pch";
				INFOPLIST_FILE = "LolTube/LolTube-Info.plist";
				IPHONEOS_DEPLOYMENT_TARGET = 7.0;
				LD_RUNPATH_SEARCH_PATHS = "$(inherited) @executable_path/Frameworks";
				PRODUCT_NAME = "$(TARGET_NAME)";
				PROVISIONING_PROFILE = "";
				SWIFT_OBJC_BRIDGING_HEADER = "LolTube/Common/Util/LolTube-Bridging-Header.h";
				WRAPPER_EXTENSION = app;
			};
			name = Release;
		};
		DC1044DD19B2FA6B007A86E6 /* Debug */ = {
			isa = XCBuildConfiguration;
			baseConfigurationReference = 78D44C9CFB5B45D686716807 /* Pods-LolTubeTests.xcconfig */;
			buildSettings = {
				BUNDLE_LOADER = "$(BUILT_PRODUCTS_DIR)/LolTube.app/LolTube";
				CLANG_ENABLE_MODULES = YES;
				FRAMEWORK_SEARCH_PATHS = (
					"$(SDKROOT)/Developer/Library/Frameworks",
					"$(inherited)",
					"$(DEVELOPER_FRAMEWORKS_DIR)",
				);
				GCC_PRECOMPILE_PREFIX_HEADER = YES;
				GCC_PREFIX_HEADER = "LolTube/LolTube-Prefix.pch";
				GCC_PREPROCESSOR_DEFINITIONS = (
					"DEBUG=1",
					"$(inherited)",
				);
				INFOPLIST_FILE = "LolTubeTests/LolTubeTests-Info.plist";
				LD_RUNPATH_SEARCH_PATHS = "$(inherited) @executable_path/Frameworks @loader_path/Frameworks";
				PRODUCT_NAME = "$(TARGET_NAME)";
				SWIFT_OBJC_BRIDGING_HEADER = "LolTubeTests/Common/Category/LolTubeTests-Bridging-Header.h";
				SWIFT_OPTIMIZATION_LEVEL = "-Onone";
				TEST_HOST = "$(BUNDLE_LOADER)";
				WRAPPER_EXTENSION = xctest;
			};
			name = Debug;
		};
		DC1044DE19B2FA6B007A86E6 /* Release */ = {
			isa = XCBuildConfiguration;
			baseConfigurationReference = 78D44C9CFB5B45D686716807 /* Pods-LolTubeTests.xcconfig */;
			buildSettings = {
				BUNDLE_LOADER = "$(BUILT_PRODUCTS_DIR)/LolTube.app/LolTube";
				CLANG_ENABLE_MODULES = YES;
				FRAMEWORK_SEARCH_PATHS = (
					"$(SDKROOT)/Developer/Library/Frameworks",
					"$(inherited)",
					"$(DEVELOPER_FRAMEWORKS_DIR)",
				);
				GCC_PRECOMPILE_PREFIX_HEADER = YES;
				GCC_PREFIX_HEADER = "LolTube/LolTube-Prefix.pch";
				INFOPLIST_FILE = "LolTubeTests/LolTubeTests-Info.plist";
				LD_RUNPATH_SEARCH_PATHS = "$(inherited) @executable_path/Frameworks @loader_path/Frameworks";
				PRODUCT_NAME = "$(TARGET_NAME)";
				SWIFT_OBJC_BRIDGING_HEADER = "LolTubeTests/Common/Category/LolTubeTests-Bridging-Header.h";
				TEST_HOST = "$(BUNDLE_LOADER)";
				WRAPPER_EXTENSION = xctest;
			};
			name = Release;
		};
		DC5709031A00DBF500DB8821 /* Debug */ = {
			isa = XCBuildConfiguration;
			baseConfigurationReference = 97AB2DFA1BA34AEB926EF0EC /* Pods-VideoWidget.xcconfig */;
			buildSettings = {
				CLANG_WARN_UNREACHABLE_CODE = YES;
				CODE_SIGN_ENTITLEMENTS = VideoWidget/VideoWidget.entitlements;
				CODE_SIGN_IDENTITY = "iPhone Developer";
				"CODE_SIGN_IDENTITY[sdk=iphoneos*]" = "iPhone Developer";
				ENABLE_STRICT_OBJC_MSGSEND = YES;
				GCC_PREPROCESSOR_DEFINITIONS = (
					"DEBUG=1",
					"$(inherited)",
				);
				INFOPLIST_FILE = VideoWidget/Info.plist;
				IPHONEOS_DEPLOYMENT_TARGET = 8.0;
				LD_RUNPATH_SEARCH_PATHS = "$(inherited) @executable_path/Frameworks @executable_path/../../Frameworks";
				MTL_ENABLE_DEBUG_INFO = YES;
				PRODUCT_NAME = "$(TARGET_NAME)";
				PROVISIONING_PROFILE = "";
				SKIP_INSTALL = YES;
			};
			name = Debug;
		};
		DC5709041A00DBF500DB8821 /* Release */ = {
			isa = XCBuildConfiguration;
			baseConfigurationReference = 97AB2DFA1BA34AEB926EF0EC /* Pods-VideoWidget.xcconfig */;
			buildSettings = {
				CLANG_WARN_UNREACHABLE_CODE = YES;
				CODE_SIGN_ENTITLEMENTS = VideoWidget/VideoWidget.entitlements;
				CODE_SIGN_IDENTITY = "iPhone Developer";
				"CODE_SIGN_IDENTITY[sdk=iphoneos*]" = "iPhone Developer";
				ENABLE_STRICT_OBJC_MSGSEND = YES;
				INFOPLIST_FILE = VideoWidget/Info.plist;
				IPHONEOS_DEPLOYMENT_TARGET = 8.0;
				LD_RUNPATH_SEARCH_PATHS = "$(inherited) @executable_path/Frameworks @executable_path/../../Frameworks";
				MTL_ENABLE_DEBUG_INFO = NO;
				PRODUCT_NAME = "$(TARGET_NAME)";
				PROVISIONING_PROFILE = "";
				SKIP_INSTALL = YES;
			};
			name = Release;
		};
/* End XCBuildConfiguration section */

/* Begin XCConfigurationList section */
		DC1044A219B2FA6B007A86E6 /* Build configuration list for PBXProject "LolTube" */ = {
			isa = XCConfigurationList;
			buildConfigurations = (
				DC1044D719B2FA6B007A86E6 /* Debug */,
				DC1044D819B2FA6B007A86E6 /* Release */,
			);
			defaultConfigurationIsVisible = 0;
			defaultConfigurationName = Release;
		};
		DC1044D919B2FA6B007A86E6 /* Build configuration list for PBXNativeTarget "LolTube" */ = {
			isa = XCConfigurationList;
			buildConfigurations = (
				DC1044DA19B2FA6B007A86E6 /* Debug */,
				DC1044DB19B2FA6B007A86E6 /* Release */,
			);
			defaultConfigurationIsVisible = 0;
			defaultConfigurationName = Release;
		};
		DC1044DC19B2FA6B007A86E6 /* Build configuration list for PBXNativeTarget "LolTubeTests" */ = {
			isa = XCConfigurationList;
			buildConfigurations = (
				DC1044DD19B2FA6B007A86E6 /* Debug */,
				DC1044DE19B2FA6B007A86E6 /* Release */,
			);
			defaultConfigurationIsVisible = 0;
			defaultConfigurationName = Release;
		};
		DC5709051A00DBF500DB8821 /* Build configuration list for PBXNativeTarget "VideoWidget" */ = {
			isa = XCConfigurationList;
			buildConfigurations = (
				DC5709031A00DBF500DB8821 /* Debug */,
				DC5709041A00DBF500DB8821 /* Release */,
			);
			defaultConfigurationIsVisible = 0;
			defaultConfigurationName = Release;
		};
/* End XCConfigurationList section */
	};
	rootObject = DC10449F19B2FA6B007A86E6 /* Project object */;
}
