<?xml version="1.0" encoding="UTF-8"?>
<!DOCTYPE plist PUBLIC "-//Apple//DTD PLIST 1.0//EN" "http://www.apple.com/DTDs/PropertyList-1.0.dtd">
<plist version="1.0">
<dict>
	<key>archiveVersion</key>
	<string>1</string>
	<key>classes</key>
	<dict/>
	<key>objectVersion</key>
	<string>46</string>
	<key>objects</key>
	<dict>
		<key>371FAF4E87134393B85D8C11</key>
		<dict>
			<key>includeInIndex</key>
			<string>1</string>
			<key>isa</key>
			<string>PBXFileReference</string>
			<key>lastKnownFileType</key>
			<string>text.xcconfig</string>
			<key>name</key>
			<string>Pods.xcconfig</string>
			<key>path</key>
			<string>Pods/Pods.xcconfig</string>
			<key>sourceTree</key>
			<string>&lt;group&gt;</string>
		</dict>
		<key>73C338F7AD4440E0A5DF77D0</key>
		<dict>
			<key>buildActionMask</key>
			<string>2147483647</string>
			<key>files</key>
			<array/>
			<key>inputPaths</key>
			<array/>
			<key>isa</key>
			<string>PBXShellScriptBuildPhase</string>
			<key>name</key>
			<string>Check Pods Manifest.lock</string>
			<key>outputPaths</key>
			<array/>
			<key>runOnlyForDeploymentPostprocessing</key>
			<string>0</string>
			<key>shellPath</key>
			<string>/bin/sh</string>
			<key>shellScript</key>
			<string>diff "${PODS_ROOT}/../Podfile.lock" "${PODS_ROOT}/Manifest.lock" &gt; /dev/null
if [[ $? != 0 ]] ; then
    cat &lt;&lt; EOM
error: The sandbox is not in sync with the Podfile.lock. Run 'pod install' or update your CocoaPods installation.
EOM
    exit 1
fi
</string>
			<key>showEnvVarsInLog</key>
			<string>0</string>
		</dict>
		<key>8AE8E8822B6E415281465DA6</key>
		<dict>
			<key>explicitFileType</key>
			<string>archive.ar</string>
			<key>includeInIndex</key>
			<string>0</string>
			<key>isa</key>
			<string>PBXFileReference</string>
			<key>path</key>
			<string>libPods.a</string>
			<key>sourceTree</key>
			<string>BUILT_PRODUCTS_DIR</string>
		</dict>
		<key>8C8C1AB0675149FBA3D65059</key>
		<dict>
			<key>buildActionMask</key>
			<string>2147483647</string>
			<key>files</key>
			<array/>
			<key>inputPaths</key>
			<array/>
			<key>isa</key>
			<string>PBXShellScriptBuildPhase</string>
			<key>name</key>
			<string>Copy Pods Resources</string>
			<key>outputPaths</key>
			<array/>
			<key>runOnlyForDeploymentPostprocessing</key>
			<string>0</string>
			<key>shellPath</key>
			<string>/bin/sh</string>
			<key>shellScript</key>
			<string>"${SRCROOT}/Pods/Pods-resources.sh"
</string>
			<key>showEnvVarsInLog</key>
			<string>0</string>
		</dict>
		<key>D2912024C3464678820F0B0F</key>
		<dict>
			<key>fileRef</key>
			<string>8AE8E8822B6E415281465DA6</string>
			<key>isa</key>
			<string>PBXBuildFile</string>
		</dict>
		<key>DC10449E19B2FA6B007A86E6</key>
		<dict>
			<key>children</key>
			<array>
				<string>DC1044B019B2FA6B007A86E6</string>
				<string>DC1044CF19B2FA6B007A86E6</string>
				<string>DC1044A919B2FA6B007A86E6</string>
				<string>DC1044A819B2FA6B007A86E6</string>
				<string>371FAF4E87134393B85D8C11</string>
			</array>
			<key>isa</key>
			<string>PBXGroup</string>
			<key>sourceTree</key>
			<string>&lt;group&gt;</string>
		</dict>
		<key>DC10449F19B2FA6B007A86E6</key>
		<dict>
			<key>attributes</key>
			<dict>
				<key>CLASSPREFIX</key>
				<string>RS</string>
				<key>LastUpgradeCheck</key>
				<string>0510</string>
				<key>ORGANIZATIONNAME</key>
				<string>Huiping Guo</string>
				<key>TargetAttributes</key>
				<dict>
					<key>DC1044A619B2FA6B007A86E6</key>
					<dict>
						<key>DevelopmentTeam</key>
						<string>Q2N4A2LNJ8</string>
					</dict>
					<key>DC1044C719B2FA6B007A86E6</key>
					<dict>
						<key>TestTargetID</key>
						<string>DC1044A619B2FA6B007A86E6</string>
					</dict>
				</dict>
			</dict>
			<key>buildConfigurationList</key>
			<string>DC1044A219B2FA6B007A86E6</string>
			<key>compatibilityVersion</key>
			<string>Xcode 3.2</string>
			<key>developmentRegion</key>
			<string>English</string>
			<key>hasScannedForEncodings</key>
			<string>0</string>
			<key>isa</key>
			<string>PBXProject</string>
			<key>knownRegions</key>
			<array>
				<string>en</string>
				<string>Base</string>
			</array>
			<key>mainGroup</key>
			<string>DC10449E19B2FA6B007A86E6</string>
			<key>productRefGroup</key>
			<string>DC1044A819B2FA6B007A86E6</string>
			<key>projectDirPath</key>
			<string></string>
			<key>projectReferences</key>
			<array/>
			<key>projectRoot</key>
			<string></string>
			<key>targets</key>
			<array>
				<string>DC1044A619B2FA6B007A86E6</string>
				<string>DC1044C719B2FA6B007A86E6</string>
			</array>
		</dict>
		<key>DC1044A219B2FA6B007A86E6</key>
		<dict>
			<key>buildConfigurations</key>
			<array>
				<string>DC1044D719B2FA6B007A86E6</string>
				<string>DC1044D819B2FA6B007A86E6</string>
			</array>
			<key>defaultConfigurationIsVisible</key>
			<string>0</string>
			<key>defaultConfigurationName</key>
			<string>Release</string>
			<key>isa</key>
			<string>XCConfigurationList</string>
		</dict>
		<key>DC1044A319B2FA6B007A86E6</key>
		<dict>
			<key>buildActionMask</key>
			<string>2147483647</string>
			<key>files</key>
			<array>
				<string>DC1044B719B2FA6B007A86E6</string>
				<string>DC1044BB19B2FA6B007A86E6</string>
				<string>DC1044C119B2FA6B007A86E6</string>
			</array>
			<key>isa</key>
			<string>PBXSourcesBuildPhase</string>
			<key>runOnlyForDeploymentPostprocessing</key>
			<string>0</string>
		</dict>
		<key>DC1044A419B2FA6B007A86E6</key>
		<dict>
			<key>buildActionMask</key>
			<string>2147483647</string>
			<key>files</key>
			<array>
				<string>DC1044AD19B2FA6B007A86E6</string>
				<string>DC1044AF19B2FA6B007A86E6</string>
				<string>DC1044AB19B2FA6B007A86E6</string>
				<string>D2912024C3464678820F0B0F</string>
			</array>
			<key>isa</key>
			<string>PBXFrameworksBuildPhase</string>
			<key>runOnlyForDeploymentPostprocessing</key>
			<string>0</string>
		</dict>
		<key>DC1044A519B2FA6B007A86E6</key>
		<dict>
			<key>buildActionMask</key>
			<string>2147483647</string>
			<key>files</key>
			<array>
				<string>DC1044C319B2FA6B007A86E6</string>
				<string>DC1044B519B2FA6B007A86E6</string>
				<string>DC1044BE19B2FA6B007A86E6</string>
			</array>
			<key>isa</key>
			<string>PBXResourcesBuildPhase</string>
			<key>runOnlyForDeploymentPostprocessing</key>
			<string>0</string>
		</dict>
		<key>DC1044A619B2FA6B007A86E6</key>
		<dict>
			<key>buildConfigurationList</key>
			<string>DC1044D919B2FA6B007A86E6</string>
			<key>buildPhases</key>
			<array>
				<string>73C338F7AD4440E0A5DF77D0</string>
				<string>DC1044A319B2FA6B007A86E6</string>
				<string>DC1044A419B2FA6B007A86E6</string>
				<string>DC1044A519B2FA6B007A86E6</string>
				<string>8C8C1AB0675149FBA3D65059</string>
			</array>
			<key>buildRules</key>
			<array/>
			<key>dependencies</key>
			<array/>
			<key>isa</key>
			<string>PBXNativeTarget</string>
			<key>name</key>
			<string>LolTube</string>
			<key>productName</key>
			<string>LolTube</string>
			<key>productReference</key>
			<string>DC1044A719B2FA6B007A86E6</string>
			<key>productType</key>
			<string>com.apple.product-type.application</string>
		</dict>
		<key>DC1044A719B2FA6B007A86E6</key>
		<dict>
			<key>explicitFileType</key>
			<string>wrapper.application</string>
			<key>includeInIndex</key>
			<string>0</string>
			<key>isa</key>
			<string>PBXFileReference</string>
			<key>path</key>
			<string>LolTube.app</string>
			<key>sourceTree</key>
			<string>BUILT_PRODUCTS_DIR</string>
		</dict>
		<key>DC1044A819B2FA6B007A86E6</key>
		<dict>
			<key>children</key>
			<array>
				<string>DC1044A719B2FA6B007A86E6</string>
				<string>DC1044C819B2FA6B007A86E6</string>
			</array>
			<key>isa</key>
			<string>PBXGroup</string>
			<key>name</key>
			<string>Products</string>
			<key>sourceTree</key>
			<string>&lt;group&gt;</string>
		</dict>
		<key>DC1044A919B2FA6B007A86E6</key>
		<dict>
			<key>children</key>
			<array>
				<string>DC1044AA19B2FA6B007A86E6</string>
				<string>DC1044AC19B2FA6B007A86E6</string>
				<string>DC1044AE19B2FA6B007A86E6</string>
				<string>DC1044C919B2FA6B007A86E6</string>
				<string>8AE8E8822B6E415281465DA6</string>
			</array>
			<key>isa</key>
			<string>PBXGroup</string>
			<key>name</key>
			<string>Frameworks</string>
			<key>sourceTree</key>
			<string>&lt;group&gt;</string>
		</dict>
		<key>DC1044AA19B2FA6B007A86E6</key>
		<dict>
			<key>isa</key>
			<string>PBXFileReference</string>
			<key>lastKnownFileType</key>
			<string>wrapper.framework</string>
			<key>name</key>
			<string>Foundation.framework</string>
			<key>path</key>
			<string>System/Library/Frameworks/Foundation.framework</string>
			<key>sourceTree</key>
			<string>SDKROOT</string>
		</dict>
		<key>DC1044AB19B2FA6B007A86E6</key>
		<dict>
			<key>fileRef</key>
			<string>DC1044AA19B2FA6B007A86E6</string>
			<key>isa</key>
			<string>PBXBuildFile</string>
		</dict>
		<key>DC1044AC19B2FA6B007A86E6</key>
		<dict>
			<key>isa</key>
			<string>PBXFileReference</string>
			<key>lastKnownFileType</key>
			<string>wrapper.framework</string>
			<key>name</key>
			<string>CoreGraphics.framework</string>
			<key>path</key>
			<string>System/Library/Frameworks/CoreGraphics.framework</string>
			<key>sourceTree</key>
			<string>SDKROOT</string>
		</dict>
		<key>DC1044AD19B2FA6B007A86E6</key>
		<dict>
			<key>fileRef</key>
			<string>DC1044AC19B2FA6B007A86E6</string>
			<key>isa</key>
			<string>PBXBuildFile</string>
		</dict>
		<key>DC1044AE19B2FA6B007A86E6</key>
		<dict>
			<key>isa</key>
			<string>PBXFileReference</string>
			<key>lastKnownFileType</key>
			<string>wrapper.framework</string>
			<key>name</key>
			<string>UIKit.framework</string>
			<key>path</key>
			<string>System/Library/Frameworks/UIKit.framework</string>
			<key>sourceTree</key>
			<string>SDKROOT</string>
		</dict>
		<key>DC1044AF19B2FA6B007A86E6</key>
		<dict>
			<key>fileRef</key>
			<string>DC1044AE19B2FA6B007A86E6</string>
			<key>isa</key>
			<string>PBXBuildFile</string>
		</dict>
		<key>DC1044B019B2FA6B007A86E6</key>
		<dict>
			<key>children</key>
			<array>
				<string>DC1044B919B2FA6B007A86E6</string>
				<string>DC1044BA19B2FA6B007A86E6</string>
				<string>DC1044BC19B2FA6B007A86E6</string>
				<string>DC1044BF19B2FA6B007A86E6</string>
				<string>DC1044C019B2FA6B007A86E6</string>
				<string>DC1044C219B2FA6B007A86E6</string>
				<string>DC1044B119B2FA6B007A86E6</string>
			</array>
			<key>isa</key>
			<string>PBXGroup</string>
			<key>path</key>
			<string>LolTube</string>
			<key>sourceTree</key>
			<string>&lt;group&gt;</string>
		</dict>
		<key>DC1044B119B2FA6B007A86E6</key>
		<dict>
			<key>children</key>
			<array>
				<string>DC1044B219B2FA6B007A86E6</string>
				<string>DC1044B319B2FA6B007A86E6</string>
				<string>DC1044B619B2FA6B007A86E6</string>
				<string>DC1044B819B2FA6B007A86E6</string>
			</array>
			<key>isa</key>
			<string>PBXGroup</string>
			<key>name</key>
			<string>Supporting Files</string>
			<key>sourceTree</key>
			<string>&lt;group&gt;</string>
		</dict>
		<key>DC1044B219B2FA6B007A86E6</key>
		<dict>
			<key>isa</key>
			<string>PBXFileReference</string>
			<key>lastKnownFileType</key>
			<string>text.plist.xml</string>
			<key>path</key>
			<string>LolTube-Info.plist</string>
			<key>sourceTree</key>
			<string>&lt;group&gt;</string>
		</dict>
		<key>DC1044B319B2FA6B007A86E6</key>
		<dict>
			<key>children</key>
			<array>
				<string>DC1044B419B2FA6B007A86E6</string>
			</array>
			<key>isa</key>
			<string>PBXVariantGroup</string>
			<key>name</key>
			<string>InfoPlist.strings</string>
			<key>sourceTree</key>
			<string>&lt;group&gt;</string>
		</dict>
		<key>DC1044B419B2FA6B007A86E6</key>
		<dict>
			<key>isa</key>
			<string>PBXFileReference</string>
			<key>lastKnownFileType</key>
			<string>text.plist.strings</string>
			<key>name</key>
			<string>en</string>
			<key>path</key>
			<string>en.lproj/InfoPlist.strings</string>
			<key>sourceTree</key>
			<string>&lt;group&gt;</string>
		</dict>
		<key>DC1044B519B2FA6B007A86E6</key>
		<dict>
			<key>fileRef</key>
			<string>DC1044B319B2FA6B007A86E6</string>
			<key>isa</key>
			<string>PBXBuildFile</string>
		</dict>
		<key>DC1044B619B2FA6B007A86E6</key>
		<dict>
			<key>isa</key>
			<string>PBXFileReference</string>
			<key>lastKnownFileType</key>
			<string>sourcecode.c.objc</string>
			<key>path</key>
			<string>main.m</string>
			<key>sourceTree</key>
			<string>&lt;group&gt;</string>
		</dict>
		<key>DC1044B719B2FA6B007A86E6</key>
		<dict>
			<key>fileRef</key>
			<string>DC1044B619B2FA6B007A86E6</string>
			<key>isa</key>
			<string>PBXBuildFile</string>
		</dict>
		<key>DC1044B819B2FA6B007A86E6</key>
		<dict>
			<key>isa</key>
			<string>PBXFileReference</string>
			<key>lastKnownFileType</key>
			<string>sourcecode.c.h</string>
			<key>path</key>
			<string>LolTube-Prefix.pch</string>
			<key>sourceTree</key>
			<string>&lt;group&gt;</string>
		</dict>
		<key>DC1044B919B2FA6B007A86E6</key>
		<dict>
			<key>isa</key>
			<string>PBXFileReference</string>
			<key>lastKnownFileType</key>
			<string>sourcecode.c.h</string>
			<key>path</key>
			<string>RSAppDelegate.h</string>
			<key>sourceTree</key>
			<string>&lt;group&gt;</string>
		</dict>
		<key>DC1044BA19B2FA6B007A86E6</key>
		<dict>
			<key>isa</key>
			<string>PBXFileReference</string>
			<key>lastKnownFileType</key>
			<string>sourcecode.c.objc</string>
			<key>path</key>
			<string>RSAppDelegate.m</string>
			<key>sourceTree</key>
			<string>&lt;group&gt;</string>
		</dict>
		<key>DC1044BB19B2FA6B007A86E6</key>
		<dict>
			<key>fileRef</key>
			<string>DC1044BA19B2FA6B007A86E6</string>
			<key>isa</key>
			<string>PBXBuildFile</string>
		</dict>
		<key>DC1044BC19B2FA6B007A86E6</key>
		<dict>
			<key>children</key>
			<array>
				<string>DC1044BD19B2FA6B007A86E6</string>
			</array>
			<key>isa</key>
			<string>PBXVariantGroup</string>
			<key>name</key>
			<string>Main.storyboard</string>
			<key>sourceTree</key>
			<string>&lt;group&gt;</string>
		</dict>
		<key>DC1044BD19B2FA6B007A86E6</key>
		<dict>
			<key>isa</key>
			<string>PBXFileReference</string>
			<key>lastKnownFileType</key>
			<string>file.storyboard</string>
			<key>name</key>
			<string>Base</string>
			<key>path</key>
			<string>Base.lproj/Main.storyboard</string>
			<key>sourceTree</key>
			<string>&lt;group&gt;</string>
		</dict>
		<key>DC1044BE19B2FA6B007A86E6</key>
		<dict>
			<key>fileRef</key>
			<string>DC1044BC19B2FA6B007A86E6</string>
			<key>isa</key>
			<string>PBXBuildFile</string>
		</dict>
		<key>DC1044BF19B2FA6B007A86E6</key>
		<dict>
			<key>isa</key>
			<string>PBXFileReference</string>
			<key>lastKnownFileType</key>
			<string>sourcecode.c.h</string>
			<key>path</key>
			<string>RSViewController.h</string>
			<key>sourceTree</key>
			<string>&lt;group&gt;</string>
		</dict>
		<key>DC1044C019B2FA6B007A86E6</key>
		<dict>
			<key>isa</key>
			<string>PBXFileReference</string>
			<key>lastKnownFileType</key>
			<string>sourcecode.c.objc</string>
			<key>path</key>
			<string>RSViewController.m</string>
			<key>sourceTree</key>
			<string>&lt;group&gt;</string>
		</dict>
		<key>DC1044C119B2FA6B007A86E6</key>
		<dict>
			<key>fileRef</key>
			<string>DC1044C019B2FA6B007A86E6</string>
			<key>isa</key>
			<string>PBXBuildFile</string>
		</dict>
		<key>DC1044C219B2FA6B007A86E6</key>
		<dict>
			<key>isa</key>
			<string>PBXFileReference</string>
			<key>lastKnownFileType</key>
			<string>folder.assetcatalog</string>
			<key>path</key>
			<string>Images.xcassets</string>
			<key>sourceTree</key>
			<string>&lt;group&gt;</string>
		</dict>
		<key>DC1044C319B2FA6B007A86E6</key>
		<dict>
			<key>fileRef</key>
			<string>DC1044C219B2FA6B007A86E6</string>
			<key>isa</key>
			<string>PBXBuildFile</string>
		</dict>
		<key>DC1044C419B2FA6B007A86E6</key>
		<dict>
			<key>buildActionMask</key>
			<string>2147483647</string>
			<key>files</key>
			<array>
				<string>DC1044D619B2FA6B007A86E6</string>
			</array>
			<key>isa</key>
			<string>PBXSourcesBuildPhase</string>
			<key>runOnlyForDeploymentPostprocessing</key>
			<string>0</string>
		</dict>
		<key>DC1044C519B2FA6B007A86E6</key>
		<dict>
			<key>buildActionMask</key>
			<string>2147483647</string>
			<key>files</key>
			<array>
				<string>DC1044CA19B2FA6B007A86E6</string>
				<string>DC1044CC19B2FA6B007A86E6</string>
				<string>DC1044CB19B2FA6B007A86E6</string>
			</array>
			<key>isa</key>
			<string>PBXFrameworksBuildPhase</string>
			<key>runOnlyForDeploymentPostprocessing</key>
			<string>0</string>
		</dict>
		<key>DC1044C619B2FA6B007A86E6</key>
		<dict>
			<key>buildActionMask</key>
			<string>2147483647</string>
			<key>files</key>
			<array>
				<string>DC1044D419B2FA6B007A86E6</string>
			</array>
			<key>isa</key>
			<string>PBXResourcesBuildPhase</string>
			<key>runOnlyForDeploymentPostprocessing</key>
			<string>0</string>
		</dict>
		<key>DC1044C719B2FA6B007A86E6</key>
		<dict>
			<key>buildConfigurationList</key>
			<string>DC1044DC19B2FA6B007A86E6</string>
			<key>buildPhases</key>
			<array>
				<string>DC1044C419B2FA6B007A86E6</string>
				<string>DC1044C519B2FA6B007A86E6</string>
				<string>DC1044C619B2FA6B007A86E6</string>
			</array>
			<key>buildRules</key>
			<array/>
			<key>dependencies</key>
			<array>
				<string>DC1044CE19B2FA6B007A86E6</string>
			</array>
			<key>isa</key>
			<string>PBXNativeTarget</string>
			<key>name</key>
			<string>LolTubeTests</string>
			<key>productName</key>
			<string>LolTubeTests</string>
			<key>productReference</key>
			<string>DC1044C819B2FA6B007A86E6</string>
			<key>productType</key>
			<string>com.apple.product-type.bundle.unit-test</string>
		</dict>
		<key>DC1044C819B2FA6B007A86E6</key>
		<dict>
			<key>explicitFileType</key>
			<string>wrapper.cfbundle</string>
			<key>includeInIndex</key>
			<string>0</string>
			<key>isa</key>
			<string>PBXFileReference</string>
			<key>path</key>
			<string>LolTubeTests.xctest</string>
			<key>sourceTree</key>
			<string>BUILT_PRODUCTS_DIR</string>
		</dict>
		<key>DC1044C919B2FA6B007A86E6</key>
		<dict>
			<key>isa</key>
			<string>PBXFileReference</string>
			<key>lastKnownFileType</key>
			<string>wrapper.framework</string>
			<key>name</key>
			<string>XCTest.framework</string>
			<key>path</key>
			<string>Library/Frameworks/XCTest.framework</string>
			<key>sourceTree</key>
			<string>DEVELOPER_DIR</string>
		</dict>
		<key>DC1044CA19B2FA6B007A86E6</key>
		<dict>
			<key>fileRef</key>
			<string>DC1044C919B2FA6B007A86E6</string>
			<key>isa</key>
			<string>PBXBuildFile</string>
		</dict>
		<key>DC1044CB19B2FA6B007A86E6</key>
		<dict>
			<key>fileRef</key>
			<string>DC1044AA19B2FA6B007A86E6</string>
			<key>isa</key>
			<string>PBXBuildFile</string>
		</dict>
		<key>DC1044CC19B2FA6B007A86E6</key>
		<dict>
			<key>fileRef</key>
			<string>DC1044AE19B2FA6B007A86E6</string>
			<key>isa</key>
			<string>PBXBuildFile</string>
		</dict>
		<key>DC1044CD19B2FA6B007A86E6</key>
		<dict>
			<key>containerPortal</key>
			<string>DC10449F19B2FA6B007A86E6</string>
			<key>isa</key>
			<string>PBXContainerItemProxy</string>
			<key>proxyType</key>
			<string>1</string>
			<key>remoteGlobalIDString</key>
			<string>DC1044A619B2FA6B007A86E6</string>
			<key>remoteInfo</key>
			<string>LolTube</string>
		</dict>
		<key>DC1044CE19B2FA6B007A86E6</key>
		<dict>
			<key>isa</key>
			<string>PBXTargetDependency</string>
			<key>target</key>
			<string>DC1044A619B2FA6B007A86E6</string>
			<key>targetProxy</key>
			<string>DC1044CD19B2FA6B007A86E6</string>
		</dict>
		<key>DC1044CF19B2FA6B007A86E6</key>
		<dict>
			<key>children</key>
			<array>
				<string>DC1044D519B2FA6B007A86E6</string>
				<string>DC1044D019B2FA6B007A86E6</string>
			</array>
			<key>isa</key>
			<string>PBXGroup</string>
			<key>path</key>
			<string>LolTubeTests</string>
			<key>sourceTree</key>
			<string>&lt;group&gt;</string>
		</dict>
		<key>DC1044D019B2FA6B007A86E6</key>
		<dict>
			<key>children</key>
			<array>
				<string>DC1044D119B2FA6B007A86E6</string>
				<string>DC1044D219B2FA6B007A86E6</string>
			</array>
			<key>isa</key>
			<string>PBXGroup</string>
			<key>name</key>
			<string>Supporting Files</string>
			<key>sourceTree</key>
			<string>&lt;group&gt;</string>
		</dict>
		<key>DC1044D119B2FA6B007A86E6</key>
		<dict>
			<key>isa</key>
			<string>PBXFileReference</string>
			<key>lastKnownFileType</key>
			<string>text.plist.xml</string>
			<key>path</key>
			<string>LolTubeTests-Info.plist</string>
			<key>sourceTree</key>
			<string>&lt;group&gt;</string>
		</dict>
		<key>DC1044D219B2FA6B007A86E6</key>
		<dict>
			<key>children</key>
			<array>
				<string>DC1044D319B2FA6B007A86E6</string>
			</array>
			<key>isa</key>
			<string>PBXVariantGroup</string>
			<key>name</key>
			<string>InfoPlist.strings</string>
			<key>sourceTree</key>
			<string>&lt;group&gt;</string>
		</dict>
		<key>DC1044D319B2FA6B007A86E6</key>
		<dict>
			<key>isa</key>
			<string>PBXFileReference</string>
			<key>lastKnownFileType</key>
			<string>text.plist.strings</string>
			<key>name</key>
			<string>en</string>
			<key>path</key>
			<string>en.lproj/InfoPlist.strings</string>
			<key>sourceTree</key>
			<string>&lt;group&gt;</string>
		</dict>
		<key>DC1044D419B2FA6B007A86E6</key>
		<dict>
			<key>fileRef</key>
			<string>DC1044D219B2FA6B007A86E6</string>
			<key>isa</key>
			<string>PBXBuildFile</string>
		</dict>
		<key>DC1044D519B2FA6B007A86E6</key>
		<dict>
			<key>isa</key>
			<string>PBXFileReference</string>
			<key>lastKnownFileType</key>
			<string>sourcecode.c.objc</string>
			<key>path</key>
			<string>LolTubeTests.m</string>
			<key>sourceTree</key>
			<string>&lt;group&gt;</string>
		</dict>
		<key>DC1044D619B2FA6B007A86E6</key>
		<dict>
			<key>fileRef</key>
			<string>DC1044D519B2FA6B007A86E6</string>
			<key>isa</key>
			<string>PBXBuildFile</string>
		</dict>
		<key>DC1044D719B2FA6B007A86E6</key>
		<dict>
			<key>buildSettings</key>
			<dict>
				<key>ALWAYS_SEARCH_USER_PATHS</key>
				<string>NO</string>
				<key>CLANG_CXX_LANGUAGE_STANDARD</key>
				<string>gnu++0x</string>
				<key>CLANG_CXX_LIBRARY</key>
				<string>libc++</string>
				<key>CLANG_ENABLE_MODULES</key>
				<string>YES</string>
				<key>CLANG_ENABLE_OBJC_ARC</key>
				<string>YES</string>
				<key>CLANG_WARN_BOOL_CONVERSION</key>
				<string>YES</string>
				<key>CLANG_WARN_CONSTANT_CONVERSION</key>
				<string>YES</string>
				<key>CLANG_WARN_DIRECT_OBJC_ISA_USAGE</key>
				<string>YES_ERROR</string>
				<key>CLANG_WARN_EMPTY_BODY</key>
				<string>YES</string>
				<key>CLANG_WARN_ENUM_CONVERSION</key>
				<string>YES</string>
				<key>CLANG_WARN_INT_CONVERSION</key>
				<string>YES</string>
				<key>CLANG_WARN_OBJC_ROOT_CLASS</key>
				<string>YES_ERROR</string>
				<key>CLANG_WARN__DUPLICATE_METHOD_MATCH</key>
				<string>YES</string>
				<key>CODE_SIGN_IDENTITY[sdk=iphoneos*]</key>
				<string>iPhone Developer</string>
				<key>COPY_PHASE_STRIP</key>
				<string>NO</string>
				<key>GCC_C_LANGUAGE_STANDARD</key>
				<string>gnu99</string>
				<key>GCC_DYNAMIC_NO_PIC</key>
				<string>NO</string>
				<key>GCC_OPTIMIZATION_LEVEL</key>
				<string>0</string>
				<key>GCC_PREPROCESSOR_DEFINITIONS</key>
				<array>
					<string>DEBUG=1</string>
					<string>$(inherited)</string>
				</array>
				<key>GCC_SYMBOLS_PRIVATE_EXTERN</key>
				<string>NO</string>
				<key>GCC_WARN_64_TO_32_BIT_CONVERSION</key>
				<string>YES</string>
				<key>GCC_WARN_ABOUT_RETURN_TYPE</key>
				<string>YES_ERROR</string>
				<key>GCC_WARN_UNDECLARED_SELECTOR</key>
				<string>YES</string>
				<key>GCC_WARN_UNINITIALIZED_AUTOS</key>
				<string>YES_AGGRESSIVE</string>
				<key>GCC_WARN_UNUSED_FUNCTION</key>
				<string>YES</string>
				<key>GCC_WARN_UNUSED_VARIABLE</key>
				<string>YES</string>
				<key>IPHONEOS_DEPLOYMENT_TARGET</key>
				<string>7.1</string>
				<key>ONLY_ACTIVE_ARCH</key>
				<string>YES</string>
				<key>SDKROOT</key>
				<string>iphoneos</string>
			</dict>
			<key>isa</key>
			<string>XCBuildConfiguration</string>
			<key>name</key>
			<string>Debug</string>
		</dict>
		<key>DC1044D819B2FA6B007A86E6</key>
		<dict>
			<key>buildSettings</key>
			<dict>
				<key>ALWAYS_SEARCH_USER_PATHS</key>
				<string>NO</string>
				<key>CLANG_CXX_LANGUAGE_STANDARD</key>
				<string>gnu++0x</string>
				<key>CLANG_CXX_LIBRARY</key>
				<string>libc++</string>
				<key>CLANG_ENABLE_MODULES</key>
				<string>YES</string>
				<key>CLANG_ENABLE_OBJC_ARC</key>
				<string>YES</string>
				<key>CLANG_WARN_BOOL_CONVERSION</key>
				<string>YES</string>
				<key>CLANG_WARN_CONSTANT_CONVERSION</key>
				<string>YES</string>
				<key>CLANG_WARN_DIRECT_OBJC_ISA_USAGE</key>
				<string>YES_ERROR</string>
				<key>CLANG_WARN_EMPTY_BODY</key>
				<string>YES</string>
				<key>CLANG_WARN_ENUM_CONVERSION</key>
				<string>YES</string>
				<key>CLANG_WARN_INT_CONVERSION</key>
				<string>YES</string>
				<key>CLANG_WARN_OBJC_ROOT_CLASS</key>
				<string>YES_ERROR</string>
				<key>CLANG_WARN__DUPLICATE_METHOD_MATCH</key>
				<string>YES</string>
				<key>CODE_SIGN_IDENTITY[sdk=iphoneos*]</key>
				<string>iPhone Developer</string>
				<key>COPY_PHASE_STRIP</key>
				<string>YES</string>
				<key>ENABLE_NS_ASSERTIONS</key>
				<string>NO</string>
				<key>GCC_C_LANGUAGE_STANDARD</key>
				<string>gnu99</string>
				<key>GCC_WARN_64_TO_32_BIT_CONVERSION</key>
				<string>YES</string>
				<key>GCC_WARN_ABOUT_RETURN_TYPE</key>
				<string>YES_ERROR</string>
				<key>GCC_WARN_UNDECLARED_SELECTOR</key>
				<string>YES</string>
				<key>GCC_WARN_UNINITIALIZED_AUTOS</key>
				<string>YES_AGGRESSIVE</string>
				<key>GCC_WARN_UNUSED_FUNCTION</key>
				<string>YES</string>
				<key>GCC_WARN_UNUSED_VARIABLE</key>
				<string>YES</string>
				<key>IPHONEOS_DEPLOYMENT_TARGET</key>
				<string>7.1</string>
				<key>SDKROOT</key>
				<string>iphoneos</string>
				<key>VALIDATE_PRODUCT</key>
				<string>YES</string>
			</dict>
			<key>isa</key>
			<string>XCBuildConfiguration</string>
			<key>name</key>
			<string>Release</string>
		</dict>
		<key>DC1044D919B2FA6B007A86E6</key>
		<dict>
			<key>buildConfigurations</key>
			<array>
				<string>DC1044DA19B2FA6B007A86E6</string>
				<string>DC1044DB19B2FA6B007A86E6</string>
			</array>
			<key>defaultConfigurationIsVisible</key>
			<string>0</string>
			<key>defaultConfigurationName</key>
			<string>Release</string>
			<key>isa</key>
			<string>XCConfigurationList</string>
		</dict>
		<key>DC1044DA19B2FA6B007A86E6</key>
		<dict>
			<key>baseConfigurationReference</key>
			<string>371FAF4E87134393B85D8C11</string>
			<key>buildSettings</key>
			<dict>
				<key>ASSETCATALOG_COMPILER_APPICON_NAME</key>
				<string>AppIcon</string>
				<key>ASSETCATALOG_COMPILER_LAUNCHIMAGE_NAME</key>
				<string>LaunchImage</string>
				<key>CODE_SIGN_IDENTITY</key>
				<string>iPhone Developer</string>
				<key>GCC_PRECOMPILE_PREFIX_HEADER</key>
				<string>YES</string>
				<key>GCC_PREFIX_HEADER</key>
				<string>LolTube/LolTube-Prefix.pch</string>
				<key>INFOPLIST_FILE</key>
				<string>LolTube/LolTube-Info.plist</string>
				<key>IPHONEOS_DEPLOYMENT_TARGET</key>
				<string>7.0</string>
				<key>PRODUCT_NAME</key>
				<string>$(TARGET_NAME)</string>
				<key>WRAPPER_EXTENSION</key>
				<string>app</string>
			</dict>
			<key>isa</key>
			<string>XCBuildConfiguration</string>
			<key>name</key>
			<string>Debug</string>
		</dict>
		<key>DC1044DB19B2FA6B007A86E6</key>
		<dict>
			<key>baseConfigurationReference</key>
			<string>371FAF4E87134393B85D8C11</string>
			<key>buildSettings</key>
			<dict>
				<key>ASSETCATALOG_COMPILER_APPICON_NAME</key>
				<string>AppIcon</string>
				<key>ASSETCATALOG_COMPILER_LAUNCHIMAGE_NAME</key>
				<string>LaunchImage</string>
				<key>CODE_SIGN_IDENTITY</key>
				<string>iPhone Developer</string>
				<key>GCC_PRECOMPILE_PREFIX_HEADER</key>
				<string>YES</string>
				<key>GCC_PREFIX_HEADER</key>
				<string>LolTube/LolTube-Prefix.pch</string>
				<key>INFOPLIST_FILE</key>
				<string>LolTube/LolTube-Info.plist</string>
				<key>IPHONEOS_DEPLOYMENT_TARGET</key>
				<string>7.0</string>
				<key>PRODUCT_NAME</key>
				<string>$(TARGET_NAME)</string>
				<key>WRAPPER_EXTENSION</key>
				<string>app</string>
			</dict>
			<key>isa</key>
			<string>XCBuildConfiguration</string>
			<key>name</key>
			<string>Release</string>
		</dict>
		<key>DC1044DC19B2FA6B007A86E6</key>
		<dict>
			<key>buildConfigurations</key>
			<array>
				<string>DC1044DD19B2FA6B007A86E6</string>
				<string>DC1044DE19B2FA6B007A86E6</string>
			</array>
			<key>defaultConfigurationIsVisible</key>
			<string>0</string>
			<key>defaultConfigurationName</key>
			<string>Release</string>
			<key>isa</key>
			<string>XCConfigurationList</string>
		</dict>
		<key>DC1044DD19B2FA6B007A86E6</key>
		<dict>
			<key>buildSettings</key>
			<dict>
				<key>BUNDLE_LOADER</key>
				<string>$(BUILT_PRODUCTS_DIR)/LolTube.app/LolTube</string>
				<key>FRAMEWORK_SEARCH_PATHS</key>
				<array>
					<string>$(SDKROOT)/Developer/Library/Frameworks</string>
					<string>$(inherited)</string>
					<string>$(DEVELOPER_FRAMEWORKS_DIR)</string>
				</array>
				<key>GCC_PRECOMPILE_PREFIX_HEADER</key>
				<string>YES</string>
				<key>GCC_PREFIX_HEADER</key>
				<string>LolTube/LolTube-Prefix.pch</string>
				<key>GCC_PREPROCESSOR_DEFINITIONS</key>
				<array>
					<string>DEBUG=1</string>
					<string>$(inherited)</string>
				</array>
				<key>INFOPLIST_FILE</key>
				<string>LolTubeTests/LolTubeTests-Info.plist</string>
				<key>PRODUCT_NAME</key>
				<string>$(TARGET_NAME)</string>
				<key>TEST_HOST</key>
				<string>$(BUNDLE_LOADER)</string>
				<key>WRAPPER_EXTENSION</key>
				<string>xctest</string>
			</dict>
			<key>isa</key>
			<string>XCBuildConfiguration</string>
			<key>name</key>
			<string>Debug</string>
		</dict>
		<key>DC1044DE19B2FA6B007A86E6</key>
		<dict>
			<key>buildSettings</key>
			<dict>
				<key>BUNDLE_LOADER</key>
				<string>$(BUILT_PRODUCTS_DIR)/LolTube.app/LolTube</string>
				<key>FRAMEWORK_SEARCH_PATHS</key>
				<array>
					<string>$(SDKROOT)/Developer/Library/Frameworks</string>
					<string>$(inherited)</string>
					<string>$(DEVELOPER_FRAMEWORKS_DIR)</string>
				</array>
				<key>GCC_PRECOMPILE_PREFIX_HEADER</key>
				<string>YES</string>
				<key>GCC_PREFIX_HEADER</key>
				<string>LolTube/LolTube-Prefix.pch</string>
				<key>INFOPLIST_FILE</key>
				<string>LolTubeTests/LolTubeTests-Info.plist</string>
				<key>PRODUCT_NAME</key>
				<string>$(TARGET_NAME)</string>
				<key>TEST_HOST</key>
				<string>$(BUNDLE_LOADER)</string>
				<key>WRAPPER_EXTENSION</key>
				<string>xctest</string>
			</dict>
			<key>isa</key>
			<string>XCBuildConfiguration</string>
			<key>name</key>
			<string>Release</string>
		</dict>
	</dict>
	<key>rootObject</key>
	<string>DC10449F19B2FA6B007A86E6</string>
</dict>
</plist>
