PODS:
  - AFNetworking (2.4.1):
    - AFNetworking/NSURLConnection
    - AFNetworking/NSURLSession
    - AFNetworking/Reachability
    - AFNetworking/Security
    - AFNetworking/Serialization
    - AFNetworking/UIKit
  - AFNetworking/NSURLConnection (2.4.1):
    - AFNetworking/Reachability
    - AFNetworking/Security
    - AFNetworking/Serialization
  - AFNetworking/NSURLSession (2.4.1):
    - AFNetworking/Reachability
    - AFNetworking/Security
    - AFNetworking/Serialization
  - AFNetworking/Reachability (2.4.1)
  - AFNetworking/Security (2.4.1)
  - AFNetworking/Serialization (2.4.1)
  - AFNetworking/UIKit (2.4.1):
    - AFNetworking/NSURLConnection
    - AFNetworking/NSURLSession
  - HexColors (2.2.1)
  - JSONModel (1.0.1)
  - OCMock (3.1.1)
  - OHHTTPStubs (3.1.6):
    - OHHTTPStubs/Core
  - OHHTTPStubs/Core (3.1.6)
  - SDWebImage (3.7.1):
    - SDWebImage/Core
  - SDWebImage/Core (3.7.1)
  - TSMessages (0.9.11):
    - HexColors
  - XCDYouTubeKit (2.0.2)

DEPENDENCIES:
  - AFNetworking (~> 2.0)
  - JSONModel (~> 1.0.1)
  - OCMock (~> 3.1.1)
  - OHHTTPStubs (~> 3.1.5)
  - SDWebImage (~> 3.7.0)
  - TSMessages
  - XCDYouTubeKit (~> 2.0.2)

SPEC CHECKSUMS:
  AFNetworking: 0aabc6fae66d6e5d039eeb21c315843c7aae51ab
  HexColors: 01384d2bbe8dc4ffa43c3b4135db6e976952d153
  JSONModel: 634100aaacbd89811bc8a03da209356e5989c569
  OCMock: f6cb8c162ab9d5620dddf411282c7b2c0ee78854
  OHHTTPStubs: 6781373b69e0a67b27239799f11764d0fbefac55
  SDWebImage: 116e88633b5b416ea0ca4b334a4ac59cf72dd38d
  TSMessages: e21ef5b1c7518cc590a4826c8b05b16b79b10c2c
  XCDYouTubeKit: 65d5f5b9fe4e731327ab61ecc253b8e70e5d5a4d

COCOAPODS: 0.33.1
